PODS:
  - APExtensions (10.1.8):
    - APExtensions/Core (= 10.1.8)
    - APExtensions/Storyboard (= 10.1.8)
    - APExtensions/ViewModel (= 10.1.8)
  - APExtensions/Core (10.1.8):
    - RoutableLogger
  - APExtensions/Storyboard (10.1.8)
  - APExtensions/ViewModel (10.1.8)
  - Nimble (9.2.1)
  - ObjectMapper (4.2.0)
  - ObjectMapperAdditions/Core (9.0.0):
    - ObjectMapper
    - RoutableLogger (>= 9.1.11)
  - ObjectMapperAdditions/Realm (9.0.0):
    - ObjectMapper
    - ObjectMapperAdditions/Core
    - RealmSwift
    - RoutableLogger (>= 9.1.11)
  - Quick (4.0.0)
  - Realm (10.21.0):
    - Realm/Headers (= 10.21.0)
  - Realm/Headers (10.21.0)
  - RealmSwift (10.21.0):
    - Realm (= 10.21.0)
  - RoutableLogger (9.1.12)

DEPENDENCIES:
  - APExtensions (from `https://github.com/APUtils/APExtensions`)
  - Nimble
  - ObjectMapperAdditions/Realm (from `../`)
  - Quick

SPEC REPOS:
  trunk:
    - Nimble
    - ObjectMapper
    - Quick
    - Realm
    - RealmSwift
    - RoutableLogger

EXTERNAL SOURCES:
  APExtensions:
    :git: https://github.com/APUtils/APExtensions
  ObjectMapperAdditions:
    :path: "../"

CHECKOUT OPTIONS:
  APExtensions:
    :commit: 6b91a17f0ee8da455b01bf0a349c00b554d24185
    :git: https://github.com/APUtils/APExtensions

SPEC CHECKSUMS:
  APExtensions: c67bbacc1e39e07d0ed63f24905ba1013bf13988
  Nimble: e7e615c0335ee4bf5b0d786685451e62746117d5
  ObjectMapper: 1eb41f610210777375fa806bf161dc39fb832b81
  ObjectMapperAdditions: 3482dad51c1b37a3877742861f51d6dfa87611b3
  Quick: 6473349e43b9271a8d43839d9ba1c442ed1b7ac4
  Realm: 55220cda83aabd773740d18518e05fdbe00b87cc
  RealmSwift: 129dce1dd6b5d9194a37f568aaf32a6c10d1a803
  RoutableLogger: 9ad367e9a79df59c3cf5a1707ba9598ffbae8784

PODFILE CHECKSUM: 4111a9263bd2e1848d990e8b2da55ce91595c2cd

COCOAPODS: 1.11.2
