{
  "originHash" : "961e21c3896042ff6eade3920a606c2553f6483173677044d0197ef35f8304c7",
  "pins" : [
    {
      "identity" : "objectmapper",
      "kind" : "remoteSourceControl",
      "location" : "https://github.com/tristanhimmelman/ObjectMapper",
      "state" : {
        "revision" : "0b96a734de3ea1c87374ae677064f86adb0716ec",
        "version" : "4.2.0"
      }
    },
    {
      "identity" : "realm-core",
      "kind" : "remoteSourceControl",
      "location" : "https://github.com/realm/realm-core.git",
      "state" : {
        "revision" : "cccb3ca9e26ec452a29f2f0d4050d1e38b8a3d43",
        "version" : "14.14.0"
      }
    },
    {
      "identity" : "realm-swift",
      "kind" : "remoteSourceControl",
      "location" : "https://github.com/realm/realm-swift",
      "state" : {
        "revision" : "8cb364a6a63695df296f05b53f7c3f3b1dda6af3",
        "version" : "10.54.3"
      }
    },
    {
      "identity" : "routablelogger",
      "kind" : "remoteSourceControl",
      "location" : "https://github.com/anton-plebanovich/RoutableLogger",
      "state" : {
        "revision" : "e544488de124ab2a72a4e2490759ab6a8a084701",
        "version" : "2.0.0"
      }
    }
  ],
  "version" : 3
}
