{
  "object": {
    "pins": [
      {
        "package": "ObjectMapper",
        "repositoryURL": "https://github.com/tristanhimmelman/ObjectMapper.git",
        "state": {
          "branch": null,
          "revision": "0b96a734de3ea1c87374ae677064f86adb0716ec",
          "version": "4.2.0"
        }
      },
      {
        "package": "Realm",
        "repositoryURL": "https://github.com/realm/realm-cocoa.git",
        "state": {
          "branch": null,
          "revision": "4d55ba88e78ed427eae439e7c15fac2372f95c64",
          "version": "10.36.0"
        }
      },
      {
        "package": "RealmDatabase",
        "repositoryURL": "https://github.com/realm/realm-core.git",
        "state": {
          "branch": null,
          "revision": "a7d486d07b821e28ffd3587e99355a63148cbb43",
          "version": "13.4.1"
        }
      },
      {
        "package": "RoutableLogger",
        "repositoryURL": "https://github.com/anton-plebanovich/RoutableLogger.git",
        "state": {
          "branch": null,
          "revision": "754e0972cbf364e3bdfc27a0ad618eae50b6ef4c",
          "version": "1.0.0"
        }
      }
    ]
  },
  "version": 1
}
