{
  "object": {
    "pins": [
      {
        "package": "ObjectMapper",
        "repositoryURL": "https://github.com/tristanhimmelman/ObjectMapper.git",
        "state": {
          "branch": null,
          "revision": "0b96a734de3ea1c87374ae677064f86adb0716ec",
          "version": "4.2.0"
        }
      },
      {
        "package": "RealmDatabase",
        "repositoryURL": "https://github.com/realm/realm-core.git",
        "state": {
          "branch": null,
          "revision": "e56380f05793998dfea0d87a34b68fdba475961c",
          "version": "13.9.0"
        }
      },
      {
        "package": "Realm",
        "repositoryURL": "https://github.com/realm/realm-swift",
        "state": {
          "branch": null,
          "revision": "71bddc82c4fe3dd6488739ff8b7e99f69183a614",
          "version": "10.38.0"
        }
      },
      {
        "package": "RoutableLogger",
        "repositoryURL": "https://github.com/anton-plebanovich/RoutableLogger.git",
        "state": {
          "branch": null,
          "revision": "754e0972cbf364e3bdfc27a0ad618eae50b6ef4c",
          "version": "1.0.0"
        }
      }
    ]
  },
  "version": 1
}
