// !$*UTF8*$!
{
	archiveVersion = 1;
	classes = {
	};
	objectVersion = 46;
	objects = {

/* Begin PBXBuildFile section */
		0D5B2592274437110038004E /* BaseMappable+Create.swift in Sources */ = {isa = PBXBuildFile; fileRef = 0D5B2591274437110038004E /* BaseMappable+Create.swift */; };
		0D5B2593274437110038004E /* BaseMappable+Create.swift in Sources */ = {isa = PBXBuildFile; fileRef = 0D5B2591274437110038004E /* BaseMappable+Create.swift */; };
		0D5B2594274437110038004E /* BaseMappable+Create.swift in Sources */ = {isa = PBXBuildFile; fileRef = 0D5B2591274437110038004E /* BaseMappable+Create.swift */; };
		0D5B2595274437110038004E /* BaseMappable+Create.swift in Sources */ = {isa = PBXBuildFile; fileRef = 0D5B2591274437110038004E /* BaseMappable+Create.swift */; };
		0D5B2596274437110038004E /* BaseMappable+Create.swift in Sources */ = {isa = PBXBuildFile; fileRef = 0D5B2591274437110038004E /* BaseMappable+Create.swift */; };
		0D673F802628662C005F308D /* RealmListTransform.swift in Sources */ = {isa = PBXBuildFile; fileRef = 0D673F7E2628662C005F308D /* RealmListTransform.swift */; };
		0D673F8E2628664E005F308D /* BaseMappable+Additions.swift in Sources */ = {isa = PBXBuildFile; fileRef = B0A0735B1F3A43E9001B8CC6 /* BaseMappable+Additions.swift */; };
		0D673F8F2628664E005F308D /* BoolTransform.swift in Sources */ = {isa = PBXBuildFile; fileRef = B0A0735C1F3A43E9001B8CC6 /* BoolTransform.swift */; };
		0D673F902628664E005F308D /* StringTransform.swift in Sources */ = {isa = PBXBuildFile; fileRef = B0A073601F3A43E9001B8CC6 /* StringTransform.swift */; };
		0D673F912628664E005F308D /* ISO8601JustDateTransform.swift in Sources */ = {isa = PBXBuildFile; fileRef = B00F4EAA1F7A7608004F9676 /* ISO8601JustDateTransform.swift */; };
		0D673F922628664E005F308D /* IntTransform.swift in Sources */ = {isa = PBXBuildFile; fileRef = B0A0735E1F3A43E9001B8CC6 /* IntTransform.swift */; };
		0D673F932628664E005F308D /* ObjectMapper+Additions.swift in Sources */ = {isa = PBXBuildFile; fileRef = B0A0735F1F3A43E9001B8CC6 /* ObjectMapper+Additions.swift */; };
		0D673F942628664E005F308D /* TimestampTransform.swift in Sources */ = {isa = PBXBuildFile; fileRef = B00F4EA91F7A7608004F9676 /* TimestampTransform.swift */; };
		0D673F952628664E005F308D /* TypeCastTransform.swift in Sources */ = {isa = PBXBuildFile; fileRef = B0A073611F3A43E9001B8CC6 /* TypeCastTransform.swift */; };
		0D673F962628664E005F308D /* DoubleTransform.swift in Sources */ = {isa = PBXBuildFile; fileRef = B0A0735D1F3A43E9001B8CC6 /* DoubleTransform.swift */; };
		0D673F972628664E005F308D /* EnumTypeCastTransform.swift in Sources */ = {isa = PBXBuildFile; fileRef = E289273C2256160700CAA647 /* EnumTypeCastTransform.swift */; };
		0D673F9D2628664E005F308D /* BaseMappable+Additions.swift in Sources */ = {isa = PBXBuildFile; fileRef = B0A0735B1F3A43E9001B8CC6 /* BaseMappable+Additions.swift */; };
		0D673F9E2628664E005F308D /* BoolTransform.swift in Sources */ = {isa = PBXBuildFile; fileRef = B0A0735C1F3A43E9001B8CC6 /* BoolTransform.swift */; };
		0D673F9F2628664E005F308D /* StringTransform.swift in Sources */ = {isa = PBXBuildFile; fileRef = B0A073601F3A43E9001B8CC6 /* StringTransform.swift */; };
		0D673FA02628664E005F308D /* ISO8601JustDateTransform.swift in Sources */ = {isa = PBXBuildFile; fileRef = B00F4EAA1F7A7608004F9676 /* ISO8601JustDateTransform.swift */; };
		0D673FA12628664E005F308D /* IntTransform.swift in Sources */ = {isa = PBXBuildFile; fileRef = B0A0735E1F3A43E9001B8CC6 /* IntTransform.swift */; };
		0D673FA22628664E005F308D /* ObjectMapper+Additions.swift in Sources */ = {isa = PBXBuildFile; fileRef = B0A0735F1F3A43E9001B8CC6 /* ObjectMapper+Additions.swift */; };
		0D673FA32628664E005F308D /* TimestampTransform.swift in Sources */ = {isa = PBXBuildFile; fileRef = B00F4EA91F7A7608004F9676 /* TimestampTransform.swift */; };
		0D673FA42628664E005F308D /* TypeCastTransform.swift in Sources */ = {isa = PBXBuildFile; fileRef = B0A073611F3A43E9001B8CC6 /* TypeCastTransform.swift */; };
		0D673FA52628664E005F308D /* DoubleTransform.swift in Sources */ = {isa = PBXBuildFile; fileRef = B0A0735D1F3A43E9001B8CC6 /* DoubleTransform.swift */; };
		0D673FA62628664E005F308D /* EnumTypeCastTransform.swift in Sources */ = {isa = PBXBuildFile; fileRef = E289273C2256160700CAA647 /* EnumTypeCastTransform.swift */; };
		0D673FAC2628664F005F308D /* BaseMappable+Additions.swift in Sources */ = {isa = PBXBuildFile; fileRef = B0A0735B1F3A43E9001B8CC6 /* BaseMappable+Additions.swift */; };
		0D673FAD2628664F005F308D /* BoolTransform.swift in Sources */ = {isa = PBXBuildFile; fileRef = B0A0735C1F3A43E9001B8CC6 /* BoolTransform.swift */; };
		0D673FAE2628664F005F308D /* StringTransform.swift in Sources */ = {isa = PBXBuildFile; fileRef = B0A073601F3A43E9001B8CC6 /* StringTransform.swift */; };
		0D673FAF2628664F005F308D /* ISO8601JustDateTransform.swift in Sources */ = {isa = PBXBuildFile; fileRef = B00F4EAA1F7A7608004F9676 /* ISO8601JustDateTransform.swift */; };
		0D673FB02628664F005F308D /* IntTransform.swift in Sources */ = {isa = PBXBuildFile; fileRef = B0A0735E1F3A43E9001B8CC6 /* IntTransform.swift */; };
		0D673FB12628664F005F308D /* ObjectMapper+Additions.swift in Sources */ = {isa = PBXBuildFile; fileRef = B0A0735F1F3A43E9001B8CC6 /* ObjectMapper+Additions.swift */; };
		0D673FB22628664F005F308D /* TimestampTransform.swift in Sources */ = {isa = PBXBuildFile; fileRef = B00F4EA91F7A7608004F9676 /* TimestampTransform.swift */; };
		0D673FB32628664F005F308D /* TypeCastTransform.swift in Sources */ = {isa = PBXBuildFile; fileRef = B0A073611F3A43E9001B8CC6 /* TypeCastTransform.swift */; };
		0D673FB42628664F005F308D /* DoubleTransform.swift in Sources */ = {isa = PBXBuildFile; fileRef = B0A0735D1F3A43E9001B8CC6 /* DoubleTransform.swift */; };
		0D673FB52628664F005F308D /* EnumTypeCastTransform.swift in Sources */ = {isa = PBXBuildFile; fileRef = E289273C2256160700CAA647 /* EnumTypeCastTransform.swift */; };
		0D673FBB2628665A005F308D /* BaseMappable+Additions.swift in Sources */ = {isa = PBXBuildFile; fileRef = B0A0735B1F3A43E9001B8CC6 /* BaseMappable+Additions.swift */; };
		0D673FBC2628665A005F308D /* ObjectMapper+Additions.swift in Sources */ = {isa = PBXBuildFile; fileRef = B0A0735F1F3A43E9001B8CC6 /* ObjectMapper+Additions.swift */; };
		0D673FBD2628665A005F308D /* StringTransform.swift in Sources */ = {isa = PBXBuildFile; fileRef = B0A073601F3A43E9001B8CC6 /* StringTransform.swift */; };
		0D673FBE2628665A005F308D /* TimestampTransform.swift in Sources */ = {isa = PBXBuildFile; fileRef = B00F4EA91F7A7608004F9676 /* TimestampTransform.swift */; };
		0D673FBF2628665A005F308D /* ISO8601JustDateTransform.swift in Sources */ = {isa = PBXBuildFile; fileRef = B00F4EAA1F7A7608004F9676 /* ISO8601JustDateTransform.swift */; };
		0D673FC02628665A005F308D /* BoolTransform.swift in Sources */ = {isa = PBXBuildFile; fileRef = B0A0735C1F3A43E9001B8CC6 /* BoolTransform.swift */; };
		0D673FC12628665A005F308D /* TypeCastTransform.swift in Sources */ = {isa = PBXBuildFile; fileRef = B0A073611F3A43E9001B8CC6 /* TypeCastTransform.swift */; };
		0D673FC22628665A005F308D /* IntTransform.swift in Sources */ = {isa = PBXBuildFile; fileRef = B0A0735E1F3A43E9001B8CC6 /* IntTransform.swift */; };
		0D673FC32628665A005F308D /* EnumTypeCastTransform.swift in Sources */ = {isa = PBXBuildFile; fileRef = E289273C2256160700CAA647 /* EnumTypeCastTransform.swift */; };
		0D673FC42628665A005F308D /* DoubleTransform.swift in Sources */ = {isa = PBXBuildFile; fileRef = B0A0735D1F3A43E9001B8CC6 /* DoubleTransform.swift */; };
		0D938906274437E500529662 /* MappingError.swift in Sources */ = {isa = PBXBuildFile; fileRef = 0D938905274437E500529662 /* MappingError.swift */; };
		0D938907274437E500529662 /* MappingError.swift in Sources */ = {isa = PBXBuildFile; fileRef = 0D938905274437E500529662 /* MappingError.swift */; };
		0D938908274437E500529662 /* MappingError.swift in Sources */ = {isa = PBXBuildFile; fileRef = 0D938905274437E500529662 /* MappingError.swift */; };
		0D938909274437E500529662 /* MappingError.swift in Sources */ = {isa = PBXBuildFile; fileRef = 0D938905274437E500529662 /* MappingError.swift */; };
		0D93890A274437E500529662 /* MappingError.swift in Sources */ = {isa = PBXBuildFile; fileRef = 0D938905274437E500529662 /* MappingError.swift */; };
		0D93890C2744385300529662 /* ImmutableMappable+Create.swift in Sources */ = {isa = PBXBuildFile; fileRef = 0D93890B2744385300529662 /* ImmutableMappable+Create.swift */; };
		0D93890D2744385300529662 /* ImmutableMappable+Create.swift in Sources */ = {isa = PBXBuildFile; fileRef = 0D93890B2744385300529662 /* ImmutableMappable+Create.swift */; };
		0D93890E2744385300529662 /* ImmutableMappable+Create.swift in Sources */ = {isa = PBXBuildFile; fileRef = 0D93890B2744385300529662 /* ImmutableMappable+Create.swift */; };
		0D93890F2744385300529662 /* ImmutableMappable+Create.swift in Sources */ = {isa = PBXBuildFile; fileRef = 0D93890B2744385300529662 /* ImmutableMappable+Create.swift */; };
		0D9389102744385300529662 /* ImmutableMappable+Create.swift in Sources */ = {isa = PBXBuildFile; fileRef = 0D93890B2744385300529662 /* ImmutableMappable+Create.swift */; };
		0D9389122744389900529662 /* Mappable+Create.swift in Sources */ = {isa = PBXBuildFile; fileRef = 0D9389112744389900529662 /* Mappable+Create.swift */; };
		0D9389132744389900529662 /* Mappable+Create.swift in Sources */ = {isa = PBXBuildFile; fileRef = 0D9389112744389900529662 /* Mappable+Create.swift */; };
		0D9389142744389900529662 /* Mappable+Create.swift in Sources */ = {isa = PBXBuildFile; fileRef = 0D9389112744389900529662 /* Mappable+Create.swift */; };
		0D9389152744389900529662 /* Mappable+Create.swift in Sources */ = {isa = PBXBuildFile; fileRef = 0D9389112744389900529662 /* Mappable+Create.swift */; };
		0D9389162744389900529662 /* Mappable+Create.swift in Sources */ = {isa = PBXBuildFile; fileRef = 0D9389112744389900529662 /* Mappable+Create.swift */; };
		0D9389182744396400529662 /* ASCIICodes.swift in Sources */ = {isa = PBXBuildFile; fileRef = 0D9389172744396400529662 /* ASCIICodes.swift */; };
		0D9389192744396400529662 /* ASCIICodes.swift in Sources */ = {isa = PBXBuildFile; fileRef = 0D9389172744396400529662 /* ASCIICodes.swift */; };
		0D93891A2744396400529662 /* ASCIICodes.swift in Sources */ = {isa = PBXBuildFile; fileRef = 0D9389172744396400529662 /* ASCIICodes.swift */; };
		0D93891B2744396400529662 /* ASCIICodes.swift in Sources */ = {isa = PBXBuildFile; fileRef = 0D9389172744396400529662 /* ASCIICodes.swift */; };
		0D93891C2744396400529662 /* ASCIICodes.swift in Sources */ = {isa = PBXBuildFile; fileRef = 0D9389172744396400529662 /* ASCIICodes.swift */; };
		0D93891E27443A9000529662 /* RoutableLogger.framework in Frameworks */ = {isa = PBXBuildFile; fileRef = 0D93891D27443A9000529662 /* RoutableLogger.framework */; };
		0D93891F27443A9000529662 /* RoutableLogger.framework in Frameworks */ = {isa = PBXBuildFile; fileRef = 0D93891D27443A9000529662 /* RoutableLogger.framework */; };
		0D938930274461A700529662 /* OptionalType.swift in Sources */ = {isa = PBXBuildFile; fileRef = 0D93892F274461A700529662 /* OptionalType.swift */; };
		0D938931274461A700529662 /* OptionalType.swift in Sources */ = {isa = PBXBuildFile; fileRef = 0D93892F274461A700529662 /* OptionalType.swift */; };
		0D938932274461A700529662 /* OptionalType.swift in Sources */ = {isa = PBXBuildFile; fileRef = 0D93892F274461A700529662 /* OptionalType.swift */; };
		0D938933274461A700529662 /* OptionalType.swift in Sources */ = {isa = PBXBuildFile; fileRef = 0D93892F274461A700529662 /* OptionalType.swift */; };
		0D938934274461A700529662 /* OptionalType.swift in Sources */ = {isa = PBXBuildFile; fileRef = 0D93892F274461A700529662 /* OptionalType.swift */; };
		0D9389362744621F00529662 /* Data+Extension.swift in Sources */ = {isa = PBXBuildFile; fileRef = 0D9389352744621F00529662 /* Data+Extension.swift */; };
		0D9389372744621F00529662 /* Data+Extension.swift in Sources */ = {isa = PBXBuildFile; fileRef = 0D9389352744621F00529662 /* Data+Extension.swift */; };
		0D9389862744737B00529662 /* RoutableLogger.framework in Frameworks */ = {isa = PBXBuildFile; fileRef = 0D9389852744737B00529662 /* RoutableLogger.framework */; };
		0D9389882744738700529662 /* RoutableLogger.framework in Frameworks */ = {isa = PBXBuildFile; fileRef = 0D9389872744738700529662 /* RoutableLogger.framework */; };
		0D93898A2744739300529662 /* RoutableLogger.framework in Frameworks */ = {isa = PBXBuildFile; fileRef = 0D9389892744739300529662 /* RoutableLogger.framework */; };
		0D93898B274475F900529662 /* Data+Extension.swift in Sources */ = {isa = PBXBuildFile; fileRef = 0D9389352744621F00529662 /* Data+Extension.swift */; };
		0D93898C274475F900529662 /* Data+Extension.swift in Sources */ = {isa = PBXBuildFile; fileRef = 0D9389352744621F00529662 /* Data+Extension.swift */; };
		0D93898D274475FA00529662 /* Data+Extension.swift in Sources */ = {isa = PBXBuildFile; fileRef = 0D9389352744621F00529662 /* Data+Extension.swift */; };
		0DC249C02737CBAE00623738 /* RealmPropertyTypeCastTransform.swift in Sources */ = {isa = PBXBuildFile; fileRef = 0DC249BE2737CBAE00623738 /* RealmPropertyTypeCastTransform.swift */; };
		0DC249C12737CBAE00623738 /* RealmPropertyTransform.swift in Sources */ = {isa = PBXBuildFile; fileRef = 0DC249BF2737CBAE00623738 /* RealmPropertyTransform.swift */; };
		B00F4EAB1F7A7608004F9676 /* TimestampTransform.swift in Sources */ = {isa = PBXBuildFile; fileRef = B00F4EA91F7A7608004F9676 /* TimestampTransform.swift */; };
		B00F4EAC1F7A7608004F9676 /* ISO8601JustDateTransform.swift in Sources */ = {isa = PBXBuildFile; fileRef = B00F4EAA1F7A7608004F9676 /* ISO8601JustDateTransform.swift */; };
		B0A073561F3A43D7001B8CC6 /* ObjectMapperAdditions_iOS.h in Headers */ = {isa = PBXBuildFile; fileRef = B0A073541F3A43D7001B8CC6 /* ObjectMapperAdditions_iOS.h */; settings = {ATTRIBUTES = (Public, ); }; };
		B0A073651F3A43E9001B8CC6 /* BaseMappable+Additions.swift in Sources */ = {isa = PBXBuildFile; fileRef = B0A0735B1F3A43E9001B8CC6 /* BaseMappable+Additions.swift */; };
		B0A073661F3A43E9001B8CC6 /* BoolTransform.swift in Sources */ = {isa = PBXBuildFile; fileRef = B0A0735C1F3A43E9001B8CC6 /* BoolTransform.swift */; };
		B0A073671F3A43E9001B8CC6 /* DoubleTransform.swift in Sources */ = {isa = PBXBuildFile; fileRef = B0A0735D1F3A43E9001B8CC6 /* DoubleTransform.swift */; };
		B0A073681F3A43E9001B8CC6 /* IntTransform.swift in Sources */ = {isa = PBXBuildFile; fileRef = B0A0735E1F3A43E9001B8CC6 /* IntTransform.swift */; };
		B0A073691F3A43E9001B8CC6 /* ObjectMapper+Additions.swift in Sources */ = {isa = PBXBuildFile; fileRef = B0A0735F1F3A43E9001B8CC6 /* ObjectMapper+Additions.swift */; };
		B0A0736A1F3A43E9001B8CC6 /* StringTransform.swift in Sources */ = {isa = PBXBuildFile; fileRef = B0A073601F3A43E9001B8CC6 /* StringTransform.swift */; };
		B0A0736B1F3A43E9001B8CC6 /* TypeCastTransform.swift in Sources */ = {isa = PBXBuildFile; fileRef = B0A073611F3A43E9001B8CC6 /* TypeCastTransform.swift */; };
		B0A073771F3A4518001B8CC6 /* ObjectMapperAdditionsRealm.h in Headers */ = {isa = PBXBuildFile; fileRef = B0A073751F3A4518001B8CC6 /* ObjectMapperAdditionsRealm.h */; settings = {ATTRIBUTES = (Public, ); }; };
		B0A0737B1F3A4525001B8CC6 /* RealmTransform.swift in Sources */ = {isa = PBXBuildFile; fileRef = B0A073631F3A43E9001B8CC6 /* RealmTransform.swift */; };
		B0A073801F3A4835001B8CC6 /* ObjectMapper.framework in Frameworks */ = {isa = PBXBuildFile; fileRef = B0A0737E1F3A482F001B8CC6 /* ObjectMapper.framework */; };
		B0A073841F3A4835001B8CC6 /* Realm.framework in Frameworks */ = {isa = PBXBuildFile; fileRef = B0A073811F3A4835001B8CC6 /* Realm.framework */; };
		B0A073861F3A4835001B8CC6 /* RealmSwift.framework in Frameworks */ = {isa = PBXBuildFile; fileRef = B0A073831F3A4835001B8CC6 /* RealmSwift.framework */; };
		B0A0739C1F3A4F32001B8CC6 /* RealmTypeCastTransform.swift in Sources */ = {isa = PBXBuildFile; fileRef = B0A073641F3A43E9001B8CC6 /* RealmTypeCastTransform.swift */; };
		B0AF241C20699C200094C84F /* RealmOptionalTypeCastTransform.swift in Sources */ = {isa = PBXBuildFile; fileRef = B0AF241A20699C200094C84F /* RealmOptionalTypeCastTransform.swift */; };
		B0AF241D20699C200094C84F /* RealmOptionalTransform.swift in Sources */ = {isa = PBXBuildFile; fileRef = B0AF241B20699C200094C84F /* RealmOptionalTransform.swift */; };
		B0C4CCC91F74609500B4F810 /* ObjectMapper.framework in Frameworks */ = {isa = PBXBuildFile; fileRef = B0A0737E1F3A482F001B8CC6 /* ObjectMapper.framework */; };
		E281799522E9AFC20078A909 /* ObjectMapperAdditions_watchOS.h in Headers */ = {isa = PBXBuildFile; fileRef = E281799322E9AFC20078A909 /* ObjectMapperAdditions_watchOS.h */; settings = {ATTRIBUTES = (Public, ); }; };
		E28179A222E9AFCE0078A909 /* ObjectMapperAdditions_tvOS.h in Headers */ = {isa = PBXBuildFile; fileRef = E28179A022E9AFCE0078A909 /* ObjectMapperAdditions_tvOS.h */; settings = {ATTRIBUTES = (Public, ); }; };
		E28179AF22E9AFDB0078A909 /* ObjectMapperAdditions_macOS.h in Headers */ = {isa = PBXBuildFile; fileRef = E28179AD22E9AFDB0078A909 /* ObjectMapperAdditions_macOS.h */; settings = {ATTRIBUTES = (Public, ); }; };
		E289273D2256160700CAA647 /* EnumTypeCastTransform.swift in Sources */ = {isa = PBXBuildFile; fileRef = E289273C2256160700CAA647 /* EnumTypeCastTransform.swift */; };
		E2BD7CA522E9B6D60020932D /* ObjectMapperAdditions.framework in Frameworks */ = {isa = PBXBuildFile; fileRef = B0A073511F3A43D7001B8CC6 /* ObjectMapperAdditions.framework */; };
		E2BD7CA822E9B7A00020932D /* ObjectMapper.framework in Frameworks */ = {isa = PBXBuildFile; fileRef = E2BD7CA722E9B7A00020932D /* ObjectMapper.framework */; };
		E2BD7CAC22E9B7E20020932D /* ObjectMapper.framework in Frameworks */ = {isa = PBXBuildFile; fileRef = E2BD7CAB22E9B7E20020932D /* ObjectMapper.framework */; };
		E2BD7CB022E9B8770020932D /* ObjectMapper.framework in Frameworks */ = {isa = PBXBuildFile; fileRef = E2BD7CAF22E9B8770020932D /* ObjectMapper.framework */; };
/* End PBXBuildFile section */

/* Begin PBXFileReference section */
		0D39B9972737A7C7003781F0 /* carthageUpdate.command */ = {isa = PBXFileReference; lastKnownFileType = text.script.sh; name = carthageUpdate.command; path = Scripts/Carthage/carthageUpdate.command; sourceTree = "<group>"; };
		0D5B2591274437110038004E /* BaseMappable+Create.swift */ = {isa = PBXFileReference; lastKnownFileType = sourcecode.swift; path = "BaseMappable+Create.swift"; sourceTree = "<group>"; };
		0D673F7E2628662C005F308D /* RealmListTransform.swift */ = {isa = PBXFileReference; fileEncoding = 4; lastKnownFileType = sourcecode.swift; path = RealmListTransform.swift; sourceTree = "<group>"; };
		0D938905274437E500529662 /* MappingError.swift */ = {isa = PBXFileReference; lastKnownFileType = sourcecode.swift; path = MappingError.swift; sourceTree = "<group>"; };
		0D93890B2744385300529662 /* ImmutableMappable+Create.swift */ = {isa = PBXFileReference; lastKnownFileType = sourcecode.swift; path = "ImmutableMappable+Create.swift"; sourceTree = "<group>"; };
		0D9389112744389900529662 /* Mappable+Create.swift */ = {isa = PBXFileReference; lastKnownFileType = sourcecode.swift; path = "Mappable+Create.swift"; sourceTree = "<group>"; };
		0D9389172744396400529662 /* ASCIICodes.swift */ = {isa = PBXFileReference; lastKnownFileType = sourcecode.swift; path = ASCIICodes.swift; sourceTree = "<group>"; };
		0D93891D27443A9000529662 /* RoutableLogger.framework */ = {isa = PBXFileReference; lastKnownFileType = wrapper.framework; name = RoutableLogger.framework; path = Carthage/Build/iOS/RoutableLogger.framework; sourceTree = "<group>"; };
		0D93892F274461A700529662 /* OptionalType.swift */ = {isa = PBXFileReference; lastKnownFileType = sourcecode.swift; path = OptionalType.swift; sourceTree = "<group>"; };
		0D9389352744621F00529662 /* Data+Extension.swift */ = {isa = PBXFileReference; lastKnownFileType = sourcecode.swift; path = "Data+Extension.swift"; sourceTree = "<group>"; };
		0D9389852744737B00529662 /* RoutableLogger.framework */ = {isa = PBXFileReference; lastKnownFileType = wrapper.framework; name = RoutableLogger.framework; path = Carthage/Build/watchOS/RoutableLogger.framework; sourceTree = "<group>"; };
		0D9389872744738700529662 /* RoutableLogger.framework */ = {isa = PBXFileReference; lastKnownFileType = wrapper.framework; name = RoutableLogger.framework; path = Carthage/Build/tvOS/RoutableLogger.framework; sourceTree = "<group>"; };
		0D9389892744739300529662 /* RoutableLogger.framework */ = {isa = PBXFileReference; lastKnownFileType = wrapper.framework; name = RoutableLogger.framework; path = Carthage/Build/Mac/RoutableLogger.framework; sourceTree = "<group>"; };
		0DC249BE2737CBAE00623738 /* RealmPropertyTypeCastTransform.swift */ = {isa = PBXFileReference; fileEncoding = 4; lastKnownFileType = sourcecode.swift; path = RealmPropertyTypeCastTransform.swift; sourceTree = "<group>"; };
		0DC249BF2737CBAE00623738 /* RealmPropertyTransform.swift */ = {isa = PBXFileReference; fileEncoding = 4; lastKnownFileType = sourcecode.swift; path = RealmPropertyTransform.swift; sourceTree = "<group>"; };
		B00F4EA91F7A7608004F9676 /* TimestampTransform.swift */ = {isa = PBXFileReference; lastKnownFileType = sourcecode.swift; path = TimestampTransform.swift; sourceTree = "<group>"; };
		B00F4EAA1F7A7608004F9676 /* ISO8601JustDateTransform.swift */ = {isa = PBXFileReference; lastKnownFileType = sourcecode.swift; path = ISO8601JustDateTransform.swift; sourceTree = "<group>"; };
		B0A073511F3A43D7001B8CC6 /* ObjectMapperAdditions.framework */ = {isa = PBXFileReference; explicitFileType = wrapper.framework; includeInIndex = 0; path = ObjectMapperAdditions.framework; sourceTree = BUILT_PRODUCTS_DIR; };
		B0A073541F3A43D7001B8CC6 /* ObjectMapperAdditions_iOS.h */ = {isa = PBXFileReference; lastKnownFileType = sourcecode.c.h; path = ObjectMapperAdditions_iOS.h; sourceTree = "<group>"; };
		B0A073551F3A43D7001B8CC6 /* Info.plist */ = {isa = PBXFileReference; lastKnownFileType = text.plist.xml; path = Info.plist; sourceTree = "<group>"; };
		B0A0735B1F3A43E9001B8CC6 /* BaseMappable+Additions.swift */ = {isa = PBXFileReference; fileEncoding = 4; lastKnownFileType = sourcecode.swift; path = "BaseMappable+Additions.swift"; sourceTree = "<group>"; };
		B0A0735C1F3A43E9001B8CC6 /* BoolTransform.swift */ = {isa = PBXFileReference; fileEncoding = 4; lastKnownFileType = sourcecode.swift; path = BoolTransform.swift; sourceTree = "<group>"; };
		B0A0735D1F3A43E9001B8CC6 /* DoubleTransform.swift */ = {isa = PBXFileReference; fileEncoding = 4; lastKnownFileType = sourcecode.swift; path = DoubleTransform.swift; sourceTree = "<group>"; };
		B0A0735E1F3A43E9001B8CC6 /* IntTransform.swift */ = {isa = PBXFileReference; fileEncoding = 4; lastKnownFileType = sourcecode.swift; path = IntTransform.swift; sourceTree = "<group>"; };
		B0A0735F1F3A43E9001B8CC6 /* ObjectMapper+Additions.swift */ = {isa = PBXFileReference; fileEncoding = 4; lastKnownFileType = sourcecode.swift; path = "ObjectMapper+Additions.swift"; sourceTree = "<group>"; };
		B0A073601F3A43E9001B8CC6 /* StringTransform.swift */ = {isa = PBXFileReference; fileEncoding = 4; lastKnownFileType = sourcecode.swift; path = StringTransform.swift; sourceTree = "<group>"; };
		B0A073611F3A43E9001B8CC6 /* TypeCastTransform.swift */ = {isa = PBXFileReference; fileEncoding = 4; lastKnownFileType = sourcecode.swift; path = TypeCastTransform.swift; sourceTree = "<group>"; };
		B0A073631F3A43E9001B8CC6 /* RealmTransform.swift */ = {isa = PBXFileReference; fileEncoding = 4; lastKnownFileType = sourcecode.swift; path = RealmTransform.swift; sourceTree = "<group>"; };
		B0A073641F3A43E9001B8CC6 /* RealmTypeCastTransform.swift */ = {isa = PBXFileReference; fileEncoding = 4; lastKnownFileType = sourcecode.swift; path = RealmTypeCastTransform.swift; sourceTree = "<group>"; };
		B0A073731F3A4518001B8CC6 /* ObjectMapperAdditionsRealm.framework */ = {isa = PBXFileReference; explicitFileType = wrapper.framework; includeInIndex = 0; path = ObjectMapperAdditionsRealm.framework; sourceTree = BUILT_PRODUCTS_DIR; };
		B0A073751F3A4518001B8CC6 /* ObjectMapperAdditionsRealm.h */ = {isa = PBXFileReference; lastKnownFileType = sourcecode.c.h; path = ObjectMapperAdditionsRealm.h; sourceTree = "<group>"; };
		B0A073761F3A4518001B8CC6 /* Info.plist */ = {isa = PBXFileReference; lastKnownFileType = text.plist.xml; path = Info.plist; sourceTree = "<group>"; };
		B0A0737E1F3A482F001B8CC6 /* ObjectMapper.framework */ = {isa = PBXFileReference; lastKnownFileType = wrapper.framework; name = ObjectMapper.framework; path = Carthage/Build/iOS/ObjectMapper.framework; sourceTree = "<group>"; };
		B0A073811F3A4835001B8CC6 /* Realm.framework */ = {isa = PBXFileReference; lastKnownFileType = wrapper.framework; name = Realm.framework; path = Carthage/Build/iOS/Realm.framework; sourceTree = "<group>"; };
		B0A073831F3A4835001B8CC6 /* RealmSwift.framework */ = {isa = PBXFileReference; lastKnownFileType = wrapper.framework; name = RealmSwift.framework; path = Carthage/Build/iOS/RealmSwift.framework; sourceTree = "<group>"; };
		B0AF241A20699C200094C84F /* RealmOptionalTypeCastTransform.swift */ = {isa = PBXFileReference; fileEncoding = 4; lastKnownFileType = sourcecode.swift; path = RealmOptionalTypeCastTransform.swift; sourceTree = "<group>"; };
		B0AF241B20699C200094C84F /* RealmOptionalTransform.swift */ = {isa = PBXFileReference; fileEncoding = 4; lastKnownFileType = sourcecode.swift; path = RealmOptionalTransform.swift; sourceTree = "<group>"; };
		E281799122E9AFC10078A909 /* ObjectMapperAdditions.framework */ = {isa = PBXFileReference; explicitFileType = wrapper.framework; includeInIndex = 0; path = ObjectMapperAdditions.framework; sourceTree = BUILT_PRODUCTS_DIR; };
		E281799322E9AFC20078A909 /* ObjectMapperAdditions_watchOS.h */ = {isa = PBXFileReference; lastKnownFileType = sourcecode.c.h; path = ObjectMapperAdditions_watchOS.h; sourceTree = "<group>"; };
		E281799422E9AFC20078A909 /* Info.plist */ = {isa = PBXFileReference; lastKnownFileType = text.plist.xml; path = Info.plist; sourceTree = "<group>"; };
		E281799E22E9AFCE0078A909 /* ObjectMapperAdditions.framework */ = {isa = PBXFileReference; explicitFileType = wrapper.framework; includeInIndex = 0; path = ObjectMapperAdditions.framework; sourceTree = BUILT_PRODUCTS_DIR; };
		E28179A022E9AFCE0078A909 /* ObjectMapperAdditions_tvOS.h */ = {isa = PBXFileReference; lastKnownFileType = sourcecode.c.h; path = ObjectMapperAdditions_tvOS.h; sourceTree = "<group>"; };
		E28179A122E9AFCE0078A909 /* Info.plist */ = {isa = PBXFileReference; lastKnownFileType = text.plist.xml; path = Info.plist; sourceTree = "<group>"; };
		E28179AB22E9AFDB0078A909 /* ObjectMapperAdditions.framework */ = {isa = PBXFileReference; explicitFileType = wrapper.framework; includeInIndex = 0; path = ObjectMapperAdditions.framework; sourceTree = BUILT_PRODUCTS_DIR; };
		E28179AD22E9AFDB0078A909 /* ObjectMapperAdditions_macOS.h */ = {isa = PBXFileReference; lastKnownFileType = sourcecode.c.h; path = ObjectMapperAdditions_macOS.h; sourceTree = "<group>"; };
		E28179AE22E9AFDB0078A909 /* Info.plist */ = {isa = PBXFileReference; lastKnownFileType = text.plist.xml; path = Info.plist; sourceTree = "<group>"; };
		E289273C2256160700CAA647 /* EnumTypeCastTransform.swift */ = {isa = PBXFileReference; fileEncoding = 4; lastKnownFileType = sourcecode.swift; path = EnumTypeCastTransform.swift; sourceTree = "<group>"; };
		E2BD7CA722E9B7A00020932D /* ObjectMapper.framework */ = {isa = PBXFileReference; lastKnownFileType = wrapper.framework; name = ObjectMapper.framework; path = Carthage/Build/Mac/ObjectMapper.framework; sourceTree = "<group>"; };
		E2BD7CAB22E9B7E20020932D /* ObjectMapper.framework */ = {isa = PBXFileReference; lastKnownFileType = wrapper.framework; name = ObjectMapper.framework; path = Carthage/Build/tvOS/ObjectMapper.framework; sourceTree = "<group>"; };
		E2BD7CAF22E9B8770020932D /* ObjectMapper.framework */ = {isa = PBXFileReference; lastKnownFileType = wrapper.framework; name = ObjectMapper.framework; path = Carthage/Build/watchOS/ObjectMapper.framework; sourceTree = "<group>"; };
/* End PBXFileReference section */

/* Begin PBXFrameworksBuildPhase section */
		B0A0734D1F3A43D7001B8CC6 /* Frameworks */ = {
			isa = PBXFrameworksBuildPhase;
			buildActionMask = 2147483647;
			files = (
				0D93891E27443A9000529662 /* RoutableLogger.framework in Frameworks */,
				B0C4CCC91F74609500B4F810 /* ObjectMapper.framework in Frameworks */,
			);
			runOnlyForDeploymentPostprocessing = 0;
		};
		B0A0736F1F3A4518001B8CC6 /* Frameworks */ = {
			isa = PBXFrameworksBuildPhase;
			buildActionMask = 2147483647;
			files = (
				E2BD7CA522E9B6D60020932D /* ObjectMapperAdditions.framework in Frameworks */,
				B0A073841F3A4835001B8CC6 /* Realm.framework in Frameworks */,
				0D93891F27443A9000529662 /* RoutableLogger.framework in Frameworks */,
				B0A073861F3A4835001B8CC6 /* RealmSwift.framework in Frameworks */,
				B0A073801F3A4835001B8CC6 /* ObjectMapper.framework in Frameworks */,
			);
			runOnlyForDeploymentPostprocessing = 0;
		};
		E281798E22E9AFC10078A909 /* Frameworks */ = {
			isa = PBXFrameworksBuildPhase;
			buildActionMask = 2147483647;
			files = (
				0D9389862744737B00529662 /* RoutableLogger.framework in Frameworks */,
				E2BD7CB022E9B8770020932D /* ObjectMapper.framework in Frameworks */,
			);
			runOnlyForDeploymentPostprocessing = 0;
		};
		E281799B22E9AFCE0078A909 /* Frameworks */ = {
			isa = PBXFrameworksBuildPhase;
			buildActionMask = 2147483647;
			files = (
				0D9389882744738700529662 /* RoutableLogger.framework in Frameworks */,
				E2BD7CAC22E9B7E20020932D /* ObjectMapper.framework in Frameworks */,
			);
			runOnlyForDeploymentPostprocessing = 0;
		};
		E28179A822E9AFDB0078A909 /* Frameworks */ = {
			isa = PBXFrameworksBuildPhase;
			buildActionMask = 2147483647;
			files = (
				0D93898A2744739300529662 /* RoutableLogger.framework in Frameworks */,
				E2BD7CA822E9B7A00020932D /* ObjectMapper.framework in Frameworks */,
			);
			runOnlyForDeploymentPostprocessing = 0;
		};
/* End PBXFrameworksBuildPhase section */

/* Begin PBXGroup section */
		0D938902274437A300529662 /* Extensions */ = {
			isa = PBXGroup;
			children = (
				B0A0735B1F3A43E9001B8CC6 /* BaseMappable+Additions.swift */,
				B0A0735F1F3A43E9001B8CC6 /* ObjectMapper+Additions.swift */,
				0D5B2591274437110038004E /* BaseMappable+Create.swift */,
				0D93890B2744385300529662 /* ImmutableMappable+Create.swift */,
				0D9389112744389900529662 /* Mappable+Create.swift */,
				0D9389352744621F00529662 /* Data+Extension.swift */,
			);
			path = Extensions;
			sourceTree = "<group>";
		};
		0D938903274437B100529662 /* Transforms */ = {
			isa = PBXGroup;
			children = (
				B0A0735C1F3A43E9001B8CC6 /* BoolTransform.swift */,
				B0A0735D1F3A43E9001B8CC6 /* DoubleTransform.swift */,
				E289273C2256160700CAA647 /* EnumTypeCastTransform.swift */,
				B0A0735E1F3A43E9001B8CC6 /* IntTransform.swift */,
				B00F4EAA1F7A7608004F9676 /* ISO8601JustDateTransform.swift */,
				B0A073601F3A43E9001B8CC6 /* StringTransform.swift */,
				B00F4EA91F7A7608004F9676 /* TimestampTransform.swift */,
				B0A073611F3A43E9001B8CC6 /* TypeCastTransform.swift */,
			);
			path = Transforms;
			sourceTree = "<group>";
		};
		0D938904274437C200529662 /* Types */ = {
			isa = PBXGroup;
			children = (
				0D938905274437E500529662 /* MappingError.swift */,
				0D9389172744396400529662 /* ASCIICodes.swift */,
				0D93892F274461A700529662 /* OptionalType.swift */,
			);
			path = Types;
			sourceTree = "<group>";
		};
		B0A073451F3A43C0001B8CC6 = {
			isa = PBXGroup;
			children = (
				B0A0737D1F3A482F001B8CC6 /* Frameworks */,
				B0A073531F3A43D7001B8CC6 /* ObjectMapperAdditions */,
				E2BD7CA422E9B6770020932D /* ObjectMapperAdditions-iOS */,
				E28179AC22E9AFDB0078A909 /* ObjectMapperAdditions-macOS */,
				E281799F22E9AFCE0078A909 /* ObjectMapperAdditions-tvOS */,
				E281799222E9AFC20078A909 /* ObjectMapperAdditions-watchOS */,
				B0A073741F3A4518001B8CC6 /* ObjectMapperAdditionsRealm */,
				B0A073521F3A43D7001B8CC6 /* Products */,
			);
			sourceTree = "<group>";
		};
		B0A073521F3A43D7001B8CC6 /* Products */ = {
			isa = PBXGroup;
			children = (
				B0A073511F3A43D7001B8CC6 /* ObjectMapperAdditions.framework */,
				B0A073731F3A4518001B8CC6 /* ObjectMapperAdditionsRealm.framework */,
				E281799122E9AFC10078A909 /* ObjectMapperAdditions.framework */,
				E281799E22E9AFCE0078A909 /* ObjectMapperAdditions.framework */,
				E28179AB22E9AFDB0078A909 /* ObjectMapperAdditions.framework */,
			);
			name = Products;
			sourceTree = "<group>";
		};
		B0A073531F3A43D7001B8CC6 /* ObjectMapperAdditions */ = {
			isa = PBXGroup;
			children = (
				B0A0735A1F3A43E9001B8CC6 /* Core */,
				B0A073621F3A43E9001B8CC6 /* Realm */,
			);
			path = ObjectMapperAdditions;
			sourceTree = "<group>";
		};
		B0A0735A1F3A43E9001B8CC6 /* Core */ = {
			isa = PBXGroup;
			children = (
				0D938904274437C200529662 /* Types */,
				0D938903274437B100529662 /* Transforms */,
				0D938902274437A300529662 /* Extensions */,
			);
			name = Core;
			path = Classes/Core;
			sourceTree = "<group>";
		};
		B0A073621F3A43E9001B8CC6 /* Realm */ = {
			isa = PBXGroup;
			children = (
				0D673F7E2628662C005F308D /* RealmListTransform.swift */,
				B0AF241B20699C200094C84F /* RealmOptionalTransform.swift */,
				B0AF241A20699C200094C84F /* RealmOptionalTypeCastTransform.swift */,
				0DC249BF2737CBAE00623738 /* RealmPropertyTransform.swift */,
				0DC249BE2737CBAE00623738 /* RealmPropertyTypeCastTransform.swift */,
				B0A073631F3A43E9001B8CC6 /* RealmTransform.swift */,
				B0A073641F3A43E9001B8CC6 /* RealmTypeCastTransform.swift */,
			);
			name = Realm;
			path = Classes/Realm;
			sourceTree = "<group>";
		};
		B0A073741F3A4518001B8CC6 /* ObjectMapperAdditionsRealm */ = {
			isa = PBXGroup;
			children = (
				B0A073751F3A4518001B8CC6 /* ObjectMapperAdditionsRealm.h */,
				B0A073761F3A4518001B8CC6 /* Info.plist */,
			);
			path = ObjectMapperAdditionsRealm;
			sourceTree = "<group>";
		};
		B0A0737D1F3A482F001B8CC6 /* Frameworks */ = {
			isa = PBXGroup;
			children = (
				0D39B9972737A7C7003781F0 /* carthageUpdate.command */,
				E2BD7CAB22E9B7E20020932D /* ObjectMapper.framework */,
				E2BD7CA722E9B7A00020932D /* ObjectMapper.framework */,
				E2BD7CAF22E9B8770020932D /* ObjectMapper.framework */,
				B0A0737E1F3A482F001B8CC6 /* ObjectMapper.framework */,
				B0A073811F3A4835001B8CC6 /* Realm.framework */,
				B0A073831F3A4835001B8CC6 /* RealmSwift.framework */,
				0D9389872744738700529662 /* RoutableLogger.framework */,
				0D9389892744739300529662 /* RoutableLogger.framework */,
				0D9389852744737B00529662 /* RoutableLogger.framework */,
				0D93891D27443A9000529662 /* RoutableLogger.framework */,
			);
			name = Frameworks;
			sourceTree = "<group>";
		};
		E281799222E9AFC20078A909 /* ObjectMapperAdditions-watchOS */ = {
			isa = PBXGroup;
			children = (
				E281799322E9AFC20078A909 /* ObjectMapperAdditions_watchOS.h */,
				E281799422E9AFC20078A909 /* Info.plist */,
			);
			path = "ObjectMapperAdditions-watchOS";
			sourceTree = "<group>";
		};
		E281799F22E9AFCE0078A909 /* ObjectMapperAdditions-tvOS */ = {
			isa = PBXGroup;
			children = (
				E28179A022E9AFCE0078A909 /* ObjectMapperAdditions_tvOS.h */,
				E28179A122E9AFCE0078A909 /* Info.plist */,
			);
			path = "ObjectMapperAdditions-tvOS";
			sourceTree = "<group>";
		};
		E28179AC22E9AFDB0078A909 /* ObjectMapperAdditions-macOS */ = {
			isa = PBXGroup;
			children = (
				E28179AD22E9AFDB0078A909 /* ObjectMapperAdditions_macOS.h */,
				E28179AE22E9AFDB0078A909 /* Info.plist */,
			);
			path = "ObjectMapperAdditions-macOS";
			sourceTree = "<group>";
		};
		E2BD7CA422E9B6770020932D /* ObjectMapperAdditions-iOS */ = {
			isa = PBXGroup;
			children = (
				B0A073541F3A43D7001B8CC6 /* ObjectMapperAdditions_iOS.h */,
				B0A073551F3A43D7001B8CC6 /* Info.plist */,
			);
			path = "ObjectMapperAdditions-iOS";
			sourceTree = "<group>";
		};
/* End PBXGroup section */

/* Begin PBXHeadersBuildPhase section */
		B0A0734E1F3A43D7001B8CC6 /* Headers */ = {
			isa = PBXHeadersBuildPhase;
			buildActionMask = 2147483647;
			files = (
				B0A073561F3A43D7001B8CC6 /* ObjectMapperAdditions_iOS.h in Headers */,
			);
			runOnlyForDeploymentPostprocessing = 0;
		};
		B0A073701F3A4518001B8CC6 /* Headers */ = {
			isa = PBXHeadersBuildPhase;
			buildActionMask = 2147483647;
			files = (
				B0A073771F3A4518001B8CC6 /* ObjectMapperAdditionsRealm.h in Headers */,
			);
			runOnlyForDeploymentPostprocessing = 0;
		};
		E281798C22E9AFC10078A909 /* Headers */ = {
			isa = PBXHeadersBuildPhase;
			buildActionMask = 2147483647;
			files = (
				E281799522E9AFC20078A909 /* ObjectMapperAdditions_watchOS.h in Headers */,
			);
			runOnlyForDeploymentPostprocessing = 0;
		};
		E281799922E9AFCE0078A909 /* Headers */ = {
			isa = PBXHeadersBuildPhase;
			buildActionMask = 2147483647;
			files = (
				E28179A222E9AFCE0078A909 /* ObjectMapperAdditions_tvOS.h in Headers */,
			);
			runOnlyForDeploymentPostprocessing = 0;
		};
		E28179A622E9AFDB0078A909 /* Headers */ = {
			isa = PBXHeadersBuildPhase;
			buildActionMask = 2147483647;
			files = (
				E28179AF22E9AFDB0078A909 /* ObjectMapperAdditions_macOS.h in Headers */,
			);
			runOnlyForDeploymentPostprocessing = 0;
		};
/* End PBXHeadersBuildPhase section */

/* Begin PBXNativeTarget section */
		B0A073501F3A43D7001B8CC6 /* ObjectMapperAdditions-iOS */ = {
			isa = PBXNativeTarget;
			buildConfigurationList = B0A073591F3A43D7001B8CC6 /* Build configuration list for PBXNativeTarget "ObjectMapperAdditions-iOS" */;
			buildPhases = (
				B0A0734C1F3A43D7001B8CC6 /* Sources */,
				B0A0734D1F3A43D7001B8CC6 /* Frameworks */,
				B0A0734E1F3A43D7001B8CC6 /* Headers */,
				B0A0734F1F3A43D7001B8CC6 /* Resources */,
			);
			buildRules = (
			);
			dependencies = (
			);
			name = "ObjectMapperAdditions-iOS";
			productName = ObjectMapperAdditions;
			productReference = B0A073511F3A43D7001B8CC6 /* ObjectMapperAdditions.framework */;
			productType = "com.apple.product-type.framework";
		};
		B0A073721F3A4518001B8CC6 /* ObjectMapperAdditionsRealm */ = {
			isa = PBXNativeTarget;
			buildConfigurationList = B0A073781F3A4518001B8CC6 /* Build configuration list for PBXNativeTarget "ObjectMapperAdditionsRealm" */;
			buildPhases = (
				B0A0736E1F3A4518001B8CC6 /* Sources */,
				B0A0736F1F3A4518001B8CC6 /* Frameworks */,
				B0A073701F3A4518001B8CC6 /* Headers */,
				B0A073711F3A4518001B8CC6 /* Resources */,
			);
			buildRules = (
			);
			dependencies = (
			);
			name = ObjectMapperAdditionsRealm;
			productName = ObjectMapperAdditionsRealm;
			productReference = B0A073731F3A4518001B8CC6 /* ObjectMapperAdditionsRealm.framework */;
			productType = "com.apple.product-type.framework";
		};
		E281799022E9AFC10078A909 /* ObjectMapperAdditions-watchOS */ = {
			isa = PBXNativeTarget;
			buildConfigurationList = E281799622E9AFC20078A909 /* Build configuration list for PBXNativeTarget "ObjectMapperAdditions-watchOS" */;
			buildPhases = (
				E281798C22E9AFC10078A909 /* Headers */,
				E281798D22E9AFC10078A909 /* Sources */,
				E281798E22E9AFC10078A909 /* Frameworks */,
				E281798F22E9AFC10078A909 /* Resources */,
			);
			buildRules = (
			);
			dependencies = (
			);
			name = "ObjectMapperAdditions-watchOS";
			productName = "ObjectMapperAdditions-watchOS";
			productReference = E281799122E9AFC10078A909 /* ObjectMapperAdditions.framework */;
			productType = "com.apple.product-type.framework";
		};
		E281799D22E9AFCE0078A909 /* ObjectMapperAdditions-tvOS */ = {
			isa = PBXNativeTarget;
			buildConfigurationList = E28179A322E9AFCE0078A909 /* Build configuration list for PBXNativeTarget "ObjectMapperAdditions-tvOS" */;
			buildPhases = (
				E281799922E9AFCE0078A909 /* Headers */,
				E281799A22E9AFCE0078A909 /* Sources */,
				E281799B22E9AFCE0078A909 /* Frameworks */,
				E281799C22E9AFCE0078A909 /* Resources */,
			);
			buildRules = (
			);
			dependencies = (
			);
			name = "ObjectMapperAdditions-tvOS";
			productName = "ObjectMapperAdditions-tvOS";
			productReference = E281799E22E9AFCE0078A909 /* ObjectMapperAdditions.framework */;
			productType = "com.apple.product-type.framework";
		};
		E28179AA22E9AFDB0078A909 /* ObjectMapperAdditions-macOS */ = {
			isa = PBXNativeTarget;
			buildConfigurationList = E28179B022E9AFDB0078A909 /* Build configuration list for PBXNativeTarget "ObjectMapperAdditions-macOS" */;
			buildPhases = (
				E28179A622E9AFDB0078A909 /* Headers */,
				E28179A722E9AFDB0078A909 /* Sources */,
				E28179A822E9AFDB0078A909 /* Frameworks */,
				E28179A922E9AFDB0078A909 /* Resources */,
			);
			buildRules = (
			);
			dependencies = (
			);
			name = "ObjectMapperAdditions-macOS";
			productName = "ObjectMapperAdditions-macOS";
			productReference = E28179AB22E9AFDB0078A909 /* ObjectMapperAdditions.framework */;
			productType = "com.apple.product-type.framework";
		};
/* End PBXNativeTarget section */

/* Begin PBXProject section */
		B0A073461F3A43C0001B8CC6 /* Project object */ = {
			isa = PBXProject;
			attributes = {
				LastUpgradeCheck = 1310;
				TargetAttributes = {
					B0A073501F3A43D7001B8CC6 = {
						CreatedOnToolsVersion = 8.3.3;
						LastSwiftMigration = 1020;
						ProvisioningStyle = Automatic;
					};
					B0A073721F3A4518001B8CC6 = {
						CreatedOnToolsVersion = 8.3.3;
						ProvisioningStyle = Automatic;
					};
					E281799022E9AFC10078A909 = {
						CreatedOnToolsVersion = 10.3;
						LastSwiftMigration = 1240;
						ProvisioningStyle = Automatic;
					};
					E281799D22E9AFCE0078A909 = {
						CreatedOnToolsVersion = 10.3;
						LastSwiftMigration = 1240;
						ProvisioningStyle = Automatic;
					};
					E28179AA22E9AFDB0078A909 = {
						CreatedOnToolsVersion = 10.3;
						LastSwiftMigration = 1240;
						ProvisioningStyle = Automatic;
					};
				};
			};
			buildConfigurationList = B0A073491F3A43C0001B8CC6 /* Build configuration list for PBXProject "ObjectMapperAdditions" */;
			compatibilityVersion = "Xcode 3.2";
			developmentRegion = en;
			hasScannedForEncodings = 0;
			knownRegions = (
				en,
				Base,
			);
			mainGroup = B0A073451F3A43C0001B8CC6;
			productRefGroup = B0A073521F3A43D7001B8CC6 /* Products */;
			projectDirPath = "";
			projectRoot = "";
			targets = (
				B0A073501F3A43D7001B8CC6 /* ObjectMapperAdditions-iOS */,
				B0A073721F3A4518001B8CC6 /* ObjectMapperAdditionsRealm */,
				E281799022E9AFC10078A909 /* ObjectMapperAdditions-watchOS */,
				E281799D22E9AFCE0078A909 /* ObjectMapperAdditions-tvOS */,
				E28179AA22E9AFDB0078A909 /* ObjectMapperAdditions-macOS */,
			);
		};
/* End PBXProject section */

/* Begin PBXResourcesBuildPhase section */
		B0A0734F1F3A43D7001B8CC6 /* Resources */ = {
			isa = PBXResourcesBuildPhase;
			buildActionMask = 2147483647;
			files = (
			);
			runOnlyForDeploymentPostprocessing = 0;
		};
		B0A073711F3A4518001B8CC6 /* Resources */ = {
			isa = PBXResourcesBuildPhase;
			buildActionMask = 2147483647;
			files = (
			);
			runOnlyForDeploymentPostprocessing = 0;
		};
		E281798F22E9AFC10078A909 /* Resources */ = {
			isa = PBXResourcesBuildPhase;
			buildActionMask = 2147483647;
			files = (
			);
			runOnlyForDeploymentPostprocessing = 0;
		};
		E281799C22E9AFCE0078A909 /* Resources */ = {
			isa = PBXResourcesBuildPhase;
			buildActionMask = 2147483647;
			files = (
			);
			runOnlyForDeploymentPostprocessing = 0;
		};
		E28179A922E9AFDB0078A909 /* Resources */ = {
			isa = PBXResourcesBuildPhase;
			buildActionMask = 2147483647;
			files = (
			);
			runOnlyForDeploymentPostprocessing = 0;
		};
/* End PBXResourcesBuildPhase section */

/* Begin PBXSourcesBuildPhase section */
		B0A0734C1F3A43D7001B8CC6 /* Sources */ = {
			isa = PBXSourcesBuildPhase;
			buildActionMask = 2147483647;
			files = (
				B0A073681F3A43E9001B8CC6 /* IntTransform.swift in Sources */,
				0D9389362744621F00529662 /* Data+Extension.swift in Sources */,
				0D93890C2744385300529662 /* ImmutableMappable+Create.swift in Sources */,
				B0A073661F3A43E9001B8CC6 /* BoolTransform.swift in Sources */,
				0D9389122744389900529662 /* Mappable+Create.swift in Sources */,
				E289273D2256160700CAA647 /* EnumTypeCastTransform.swift in Sources */,
				0D938930274461A700529662 /* OptionalType.swift in Sources */,
				B00F4EAC1F7A7608004F9676 /* ISO8601JustDateTransform.swift in Sources */,
				B0A073671F3A43E9001B8CC6 /* DoubleTransform.swift in Sources */,
				0D9389182744396400529662 /* ASCIICodes.swift in Sources */,
				B00F4EAB1F7A7608004F9676 /* TimestampTransform.swift in Sources */,
				B0A0736B1F3A43E9001B8CC6 /* TypeCastTransform.swift in Sources */,
				0D938906274437E500529662 /* MappingError.swift in Sources */,
				B0A0736A1F3A43E9001B8CC6 /* StringTransform.swift in Sources */,
				B0A073691F3A43E9001B8CC6 /* ObjectMapper+Additions.swift in Sources */,
				0D5B2592274437110038004E /* BaseMappable+Create.swift in Sources */,
				B0A073651F3A43E9001B8CC6 /* BaseMappable+Additions.swift in Sources */,
			);
			runOnlyForDeploymentPostprocessing = 0;
		};
		B0A0736E1F3A4518001B8CC6 /* Sources */ = {
			isa = PBXSourcesBuildPhase;
			buildActionMask = 2147483647;
			files = (
				0D673FC02628665A005F308D /* BoolTransform.swift in Sources */,
				0D673FBC2628665A005F308D /* ObjectMapper+Additions.swift in Sources */,
				0D93890D2744385300529662 /* ImmutableMappable+Create.swift in Sources */,
				0D9389132744389900529662 /* Mappable+Create.swift in Sources */,
				B0AF241C20699C200094C84F /* RealmOptionalTypeCastTransform.swift in Sources */,
				0D673FC12628665A005F308D /* TypeCastTransform.swift in Sources */,
				0D938907274437E500529662 /* MappingError.swift in Sources */,
				0D673FC32628665A005F308D /* EnumTypeCastTransform.swift in Sources */,
				B0A0737B1F3A4525001B8CC6 /* RealmTransform.swift in Sources */,
				0D938931274461A700529662 /* OptionalType.swift in Sources */,
				0D673FC22628665A005F308D /* IntTransform.swift in Sources */,
				0D673FC42628665A005F308D /* DoubleTransform.swift in Sources */,
				0D673FBD2628665A005F308D /* StringTransform.swift in Sources */,
				0D673FBB2628665A005F308D /* BaseMappable+Additions.swift in Sources */,
				0D5B2593274437110038004E /* BaseMappable+Create.swift in Sources */,
				0D9389192744396400529662 /* ASCIICodes.swift in Sources */,
				0D673F802628662C005F308D /* RealmListTransform.swift in Sources */,
				0D9389372744621F00529662 /* Data+Extension.swift in Sources */,
				B0AF241D20699C200094C84F /* RealmOptionalTransform.swift in Sources */,
				0DC249C12737CBAE00623738 /* RealmPropertyTransform.swift in Sources */,
				0D673FBF2628665A005F308D /* ISO8601JustDateTransform.swift in Sources */,
				0D673FBE2628665A005F308D /* TimestampTransform.swift in Sources */,
				0DC249C02737CBAE00623738 /* RealmPropertyTypeCastTransform.swift in Sources */,
				B0A0739C1F3A4F32001B8CC6 /* RealmTypeCastTransform.swift in Sources */,
			);
			runOnlyForDeploymentPostprocessing = 0;
		};
		E281798D22E9AFC10078A909 /* Sources */ = {
			isa = PBXSourcesBuildPhase;
			buildActionMask = 2147483647;
			files = (
				0D673FAE2628664F005F308D /* StringTransform.swift in Sources */,
				0D93898B274475F900529662 /* Data+Extension.swift in Sources */,
				0D93890E2744385300529662 /* ImmutableMappable+Create.swift in Sources */,
				0D673FB12628664F005F308D /* ObjectMapper+Additions.swift in Sources */,
				0D9389142744389900529662 /* Mappable+Create.swift in Sources */,
				0D673FB52628664F005F308D /* EnumTypeCastTransform.swift in Sources */,
				0D938932274461A700529662 /* OptionalType.swift in Sources */,
				0D673FB22628664F005F308D /* TimestampTransform.swift in Sources */,
				0D673FB32628664F005F308D /* TypeCastTransform.swift in Sources */,
				0D93891A2744396400529662 /* ASCIICodes.swift in Sources */,
				0D673FAD2628664F005F308D /* BoolTransform.swift in Sources */,
				0D673FAC2628664F005F308D /* BaseMappable+Additions.swift in Sources */,
				0D938908274437E500529662 /* MappingError.swift in Sources */,
				0D673FB02628664F005F308D /* IntTransform.swift in Sources */,
				0D673FB42628664F005F308D /* DoubleTransform.swift in Sources */,
				0D5B2594274437110038004E /* BaseMappable+Create.swift in Sources */,
				0D673FAF2628664F005F308D /* ISO8601JustDateTransform.swift in Sources */,
			);
			runOnlyForDeploymentPostprocessing = 0;
		};
		E281799A22E9AFCE0078A909 /* Sources */ = {
			isa = PBXSourcesBuildPhase;
			buildActionMask = 2147483647;
			files = (
				0D673F9F2628664E005F308D /* StringTransform.swift in Sources */,
				0D93898C274475F900529662 /* Data+Extension.swift in Sources */,
				0D93890F2744385300529662 /* ImmutableMappable+Create.swift in Sources */,
				0D673FA22628664E005F308D /* ObjectMapper+Additions.swift in Sources */,
				0D9389152744389900529662 /* Mappable+Create.swift in Sources */,
				0D673FA62628664E005F308D /* EnumTypeCastTransform.swift in Sources */,
				0D938933274461A700529662 /* OptionalType.swift in Sources */,
				0D673FA32628664E005F308D /* TimestampTransform.swift in Sources */,
				0D673FA42628664E005F308D /* TypeCastTransform.swift in Sources */,
				0D93891B2744396400529662 /* ASCIICodes.swift in Sources */,
				0D673F9E2628664E005F308D /* BoolTransform.swift in Sources */,
				0D673F9D2628664E005F308D /* BaseMappable+Additions.swift in Sources */,
				0D938909274437E500529662 /* MappingError.swift in Sources */,
				0D673FA12628664E005F308D /* IntTransform.swift in Sources */,
				0D673FA52628664E005F308D /* DoubleTransform.swift in Sources */,
				0D5B2595274437110038004E /* BaseMappable+Create.swift in Sources */,
				0D673FA02628664E005F308D /* ISO8601JustDateTransform.swift in Sources */,
			);
			runOnlyForDeploymentPostprocessing = 0;
		};
		E28179A722E9AFDB0078A909 /* Sources */ = {
			isa = PBXSourcesBuildPhase;
			buildActionMask = 2147483647;
			files = (
				0D673F902628664E005F308D /* StringTransform.swift in Sources */,
				0D93898D274475FA00529662 /* Data+Extension.swift in Sources */,
				0D9389102744385300529662 /* ImmutableMappable+Create.swift in Sources */,
				0D673F932628664E005F308D /* ObjectMapper+Additions.swift in Sources */,
				0D9389162744389900529662 /* Mappable+Create.swift in Sources */,
				0D673F972628664E005F308D /* EnumTypeCastTransform.swift in Sources */,
				0D938934274461A700529662 /* OptionalType.swift in Sources */,
				0D673F942628664E005F308D /* TimestampTransform.swift in Sources */,
				0D673F952628664E005F308D /* TypeCastTransform.swift in Sources */,
				0D93891C2744396400529662 /* ASCIICodes.swift in Sources */,
				0D673F8F2628664E005F308D /* BoolTransform.swift in Sources */,
				0D673F8E2628664E005F308D /* BaseMappable+Additions.swift in Sources */,
				0D93890A274437E500529662 /* MappingError.swift in Sources */,
				0D673F922628664E005F308D /* IntTransform.swift in Sources */,
				0D673F962628664E005F308D /* DoubleTransform.swift in Sources */,
				0D5B2596274437110038004E /* BaseMappable+Create.swift in Sources */,
				0D673F912628664E005F308D /* ISO8601JustDateTransform.swift in Sources */,
			);
			runOnlyForDeploymentPostprocessing = 0;
		};
/* End PBXSourcesBuildPhase section */

/* Begin XCBuildConfiguration section */
		B0A0734A1F3A43C0001B8CC6 /* Debug */ = {
			isa = XCBuildConfiguration;
			buildSettings = {
				APPLICATION_EXTENSION_API_ONLY = YES;
				CLANG_ANALYZER_LOCALIZABILITY_NONLOCALIZED = YES;
				CLANG_WARN_BLOCK_CAPTURE_AUTORELEASING = YES;
				CLANG_WARN_BOOL_CONVERSION = YES;
				CLANG_WARN_COMMA = YES;
				CLANG_WARN_CONSTANT_CONVERSION = YES;
				CLANG_WARN_DEPRECATED_OBJC_IMPLEMENTATIONS = YES;
				CLANG_WARN_EMPTY_BODY = YES;
				CLANG_WARN_ENUM_CONVERSION = YES;
				CLANG_WARN_INFINITE_RECURSION = YES;
				CLANG_WARN_INT_CONVERSION = YES;
				CLANG_WARN_NON_LITERAL_NULL_CONVERSION = YES;
				CLANG_WARN_OBJC_IMPLICIT_RETAIN_SELF = YES;
				CLANG_WARN_OBJC_LITERAL_CONVERSION = YES;
				CLANG_WARN_RANGE_LOOP_ANALYSIS = YES;
				CLANG_WARN_STRICT_PROTOTYPES = YES;
				CLANG_WARN_SUSPICIOUS_MOVE = YES;
				CLANG_WARN_UNREACHABLE_CODE = YES;
				CLANG_WARN__DUPLICATE_METHOD_MATCH = YES;
				ENABLE_STRICT_OBJC_MSGSEND = YES;
				ENABLE_TESTABILITY = YES;
				GCC_NO_COMMON_BLOCKS = YES;
				GCC_WARN_64_TO_32_BIT_CONVERSION = YES;
				GCC_WARN_ABOUT_RETURN_TYPE = YES;
				GCC_WARN_UNDECLARED_SELECTOR = YES;
				GCC_WARN_UNINITIALIZED_AUTOS = YES;
				GCC_WARN_UNUSED_FUNCTION = YES;
				GCC_WARN_UNUSED_VARIABLE = YES;
				IPHONEOS_DEPLOYMENT_TARGET = 11.0;
				MACOSX_DEPLOYMENT_TARGET = 10.10;
				ONLY_ACTIVE_ARCH = YES;
				SWIFT_VERSION = 5.0;
				TARGETED_DEVICE_FAMILY = "1,2";
				TVOS_DEPLOYMENT_TARGET = 9.0;
				WATCHOS_DEPLOYMENT_TARGET = 2.0;
			};
			name = Debug;
		};
		B0A0734B1F3A43C0001B8CC6 /* Release */ = {
			isa = XCBuildConfiguration;
			buildSettings = {
				APPLICATION_EXTENSION_API_ONLY = YES;
				CLANG_ANALYZER_LOCALIZABILITY_NONLOCALIZED = YES;
				CLANG_WARN_BLOCK_CAPTURE_AUTORELEASING = YES;
				CLANG_WARN_BOOL_CONVERSION = YES;
				CLANG_WARN_COMMA = YES;
				CLANG_WARN_CONSTANT_CONVERSION = YES;
				CLANG_WARN_DEPRECATED_OBJC_IMPLEMENTATIONS = YES;
				CLANG_WARN_EMPTY_BODY = YES;
				CLANG_WARN_ENUM_CONVERSION = YES;
				CLANG_WARN_INFINITE_RECURSION = YES;
				CLANG_WARN_INT_CONVERSION = YES;
				CLANG_WARN_NON_LITERAL_NULL_CONVERSION = YES;
				CLANG_WARN_OBJC_IMPLICIT_RETAIN_SELF = YES;
				CLANG_WARN_OBJC_LITERAL_CONVERSION = YES;
				CLANG_WARN_RANGE_LOOP_ANALYSIS = YES;
				CLANG_WARN_STRICT_PROTOTYPES = YES;
				CLANG_WARN_SUSPICIOUS_MOVE = YES;
				CLANG_WARN_UNREACHABLE_CODE = YES;
				CLANG_WARN__DUPLICATE_METHOD_MATCH = YES;
				ENABLE_STRICT_OBJC_MSGSEND = YES;
				GCC_NO_COMMON_BLOCKS = YES;
				GCC_WARN_64_TO_32_BIT_CONVERSION = YES;
				GCC_WARN_ABOUT_RETURN_TYPE = YES;
				GCC_WARN_UNDECLARED_SELECTOR = YES;
				GCC_WARN_UNINITIALIZED_AUTOS = YES;
				GCC_WARN_UNUSED_FUNCTION = YES;
				GCC_WARN_UNUSED_VARIABLE = YES;
				IPHONEOS_DEPLOYMENT_TARGET = 11.0;
				MACOSX_DEPLOYMENT_TARGET = 10.10;
				SWIFT_VERSION = 5.0;
				TARGETED_DEVICE_FAMILY = "1,2";
				TVOS_DEPLOYMENT_TARGET = 9.0;
				WATCHOS_DEPLOYMENT_TARGET = 2.0;
			};
			name = Release;
		};
		B0A073571F3A43D7001B8CC6 /* Debug */ = {
			isa = XCBuildConfiguration;
			buildSettings = {
				ALWAYS_SEARCH_USER_PATHS = NO;
				CLANG_ANALYZER_NONNULL = YES;
				CLANG_ANALYZER_NUMBER_OBJECT_CONVERSION = YES_AGGRESSIVE;
				CLANG_CXX_LANGUAGE_STANDARD = "gnu++0x";
				CLANG_CXX_LIBRARY = "libc++";
				CLANG_ENABLE_MODULES = YES;
				CLANG_ENABLE_OBJC_ARC = YES;
				CLANG_WARN_BOOL_CONVERSION = YES;
				CLANG_WARN_CONSTANT_CONVERSION = YES;
				CLANG_WARN_DIRECT_OBJC_ISA_USAGE = YES_ERROR;
				CLANG_WARN_DOCUMENTATION_COMMENTS = YES;
				CLANG_WARN_EMPTY_BODY = YES;
				CLANG_WARN_ENUM_CONVERSION = YES;
				CLANG_WARN_INFINITE_RECURSION = YES;
				CLANG_WARN_INT_CONVERSION = YES;
				CLANG_WARN_OBJC_ROOT_CLASS = YES_ERROR;
				CLANG_WARN_SUSPICIOUS_MOVE = YES;
				CLANG_WARN_UNREACHABLE_CODE = YES;
				CLANG_WARN__DUPLICATE_METHOD_MATCH = YES;
				CODE_SIGN_IDENTITY = "";
				"CODE_SIGN_IDENTITY[sdk=iphoneos*]" = "";
				COPY_PHASE_STRIP = NO;
				CURRENT_PROJECT_VERSION = 1;
				DEBUG_INFORMATION_FORMAT = dwarf;
				DEFINES_MODULE = YES;
				DYLIB_COMPATIBILITY_VERSION = 1;
				DYLIB_CURRENT_VERSION = 1;
				DYLIB_INSTALL_NAME_BASE = "@rpath";
				ENABLE_STRICT_OBJC_MSGSEND = YES;
				ENABLE_TESTABILITY = YES;
				FRAMEWORK_SEARCH_PATHS = (
					"$(inherited)",
					"$(PROJECT_DIR)/Carthage/Build/iOS",
				);
				GCC_C_LANGUAGE_STANDARD = gnu99;
				GCC_DYNAMIC_NO_PIC = NO;
				GCC_NO_COMMON_BLOCKS = YES;
				GCC_OPTIMIZATION_LEVEL = 0;
				GCC_PREPROCESSOR_DEFINITIONS = (
					"DEBUG=1",
					"$(inherited)",
				);
				GCC_WARN_64_TO_32_BIT_CONVERSION = YES;
				GCC_WARN_ABOUT_RETURN_TYPE = YES_ERROR;
				GCC_WARN_UNDECLARED_SELECTOR = YES;
				GCC_WARN_UNINITIALIZED_AUTOS = YES_AGGRESSIVE;
				GCC_WARN_UNUSED_FUNCTION = YES;
				GCC_WARN_UNUSED_VARIABLE = YES;
				INFOPLIST_FILE = "ObjectMapperAdditions-iOS/Info.plist";
				INSTALL_PATH = "$(LOCAL_LIBRARY_DIR)/Frameworks";
				LD_RUNPATH_SEARCH_PATHS = "$(inherited) @executable_path/Frameworks @loader_path/Frameworks";
				MTL_ENABLE_DEBUG_INFO = YES;
				ONLY_ACTIVE_ARCH = YES;
				PRODUCT_BUNDLE_IDENTIFIER = "com.anton-plebanovich.ObjectMapperAdditions";
				PRODUCT_NAME = ObjectMapperAdditions;
				SDKROOT = iphoneos;
				SKIP_INSTALL = YES;
				SWIFT_ACTIVE_COMPILATION_CONDITIONS = DEBUG;
				SWIFT_OPTIMIZATION_LEVEL = "-Onone";
				SWIFT_VERSION = 5.0;
				VERSIONING_SYSTEM = "apple-generic";
				VERSION_INFO_PREFIX = "";
			};
			name = Debug;
		};
		B0A073581F3A43D7001B8CC6 /* Release */ = {
			isa = XCBuildConfiguration;
			buildSettings = {
				ALWAYS_SEARCH_USER_PATHS = NO;
				CLANG_ANALYZER_NONNULL = YES;
				CLANG_ANALYZER_NUMBER_OBJECT_CONVERSION = YES_AGGRESSIVE;
				CLANG_CXX_LANGUAGE_STANDARD = "gnu++0x";
				CLANG_CXX_LIBRARY = "libc++";
				CLANG_ENABLE_MODULES = YES;
				CLANG_ENABLE_OBJC_ARC = YES;
				CLANG_WARN_BOOL_CONVERSION = YES;
				CLANG_WARN_CONSTANT_CONVERSION = YES;
				CLANG_WARN_DIRECT_OBJC_ISA_USAGE = YES_ERROR;
				CLANG_WARN_DOCUMENTATION_COMMENTS = YES;
				CLANG_WARN_EMPTY_BODY = YES;
				CLANG_WARN_ENUM_CONVERSION = YES;
				CLANG_WARN_INFINITE_RECURSION = YES;
				CLANG_WARN_INT_CONVERSION = YES;
				CLANG_WARN_OBJC_ROOT_CLASS = YES_ERROR;
				CLANG_WARN_SUSPICIOUS_MOVE = YES;
				CLANG_WARN_UNREACHABLE_CODE = YES;
				CLANG_WARN__DUPLICATE_METHOD_MATCH = YES;
				CODE_SIGN_IDENTITY = "";
				"CODE_SIGN_IDENTITY[sdk=iphoneos*]" = "";
				COPY_PHASE_STRIP = NO;
				CURRENT_PROJECT_VERSION = 1;
				DEBUG_INFORMATION_FORMAT = "dwarf-with-dsym";
				DEFINES_MODULE = YES;
				DYLIB_COMPATIBILITY_VERSION = 1;
				DYLIB_CURRENT_VERSION = 1;
				DYLIB_INSTALL_NAME_BASE = "@rpath";
				ENABLE_NS_ASSERTIONS = NO;
				ENABLE_STRICT_OBJC_MSGSEND = YES;
				FRAMEWORK_SEARCH_PATHS = (
					"$(inherited)",
					"$(PROJECT_DIR)/Carthage/Build/iOS",
				);
				GCC_C_LANGUAGE_STANDARD = gnu99;
				GCC_NO_COMMON_BLOCKS = YES;
				GCC_WARN_64_TO_32_BIT_CONVERSION = YES;
				GCC_WARN_ABOUT_RETURN_TYPE = YES_ERROR;
				GCC_WARN_UNDECLARED_SELECTOR = YES;
				GCC_WARN_UNINITIALIZED_AUTOS = YES_AGGRESSIVE;
				GCC_WARN_UNUSED_FUNCTION = YES;
				GCC_WARN_UNUSED_VARIABLE = YES;
				INFOPLIST_FILE = "ObjectMapperAdditions-iOS/Info.plist";
				INSTALL_PATH = "$(LOCAL_LIBRARY_DIR)/Frameworks";
				LD_RUNPATH_SEARCH_PATHS = "$(inherited) @executable_path/Frameworks @loader_path/Frameworks";
				MTL_ENABLE_DEBUG_INFO = NO;
				PRODUCT_BUNDLE_IDENTIFIER = "com.anton-plebanovich.ObjectMapperAdditions";
				PRODUCT_NAME = ObjectMapperAdditions;
				SDKROOT = iphoneos;
				SKIP_INSTALL = YES;
				SWIFT_OPTIMIZATION_LEVEL = "-Owholemodule";
				SWIFT_VERSION = 5.0;
				VALIDATE_PRODUCT = YES;
				VERSIONING_SYSTEM = "apple-generic";
				VERSION_INFO_PREFIX = "";
			};
			name = Release;
		};
		B0A073791F3A4518001B8CC6 /* Debug */ = {
			isa = XCBuildConfiguration;
			buildSettings = {
				ALWAYS_SEARCH_USER_PATHS = NO;
				CLANG_ANALYZER_NONNULL = YES;
				CLANG_ANALYZER_NUMBER_OBJECT_CONVERSION = YES_AGGRESSIVE;
				CLANG_CXX_LANGUAGE_STANDARD = "gnu++0x";
				CLANG_CXX_LIBRARY = "libc++";
				CLANG_ENABLE_MODULES = YES;
				CLANG_ENABLE_OBJC_ARC = YES;
				CLANG_WARN_BOOL_CONVERSION = YES;
				CLANG_WARN_CONSTANT_CONVERSION = YES;
				CLANG_WARN_DIRECT_OBJC_ISA_USAGE = YES_ERROR;
				CLANG_WARN_DOCUMENTATION_COMMENTS = YES;
				CLANG_WARN_EMPTY_BODY = YES;
				CLANG_WARN_ENUM_CONVERSION = YES;
				CLANG_WARN_INFINITE_RECURSION = YES;
				CLANG_WARN_INT_CONVERSION = YES;
				CLANG_WARN_OBJC_ROOT_CLASS = YES_ERROR;
				CLANG_WARN_SUSPICIOUS_MOVE = YES;
				CLANG_WARN_UNREACHABLE_CODE = YES;
				CLANG_WARN__DUPLICATE_METHOD_MATCH = YES;
				CODE_SIGN_IDENTITY = "";
				"CODE_SIGN_IDENTITY[sdk=iphoneos*]" = "";
				COPY_PHASE_STRIP = NO;
				CURRENT_PROJECT_VERSION = 1;
				DEBUG_INFORMATION_FORMAT = dwarf;
				DEFINES_MODULE = YES;
				DYLIB_COMPATIBILITY_VERSION = 1;
				DYLIB_CURRENT_VERSION = 1;
				DYLIB_INSTALL_NAME_BASE = "@rpath";
				ENABLE_STRICT_OBJC_MSGSEND = YES;
				ENABLE_TESTABILITY = YES;
				FRAMEWORK_SEARCH_PATHS = (
					"$(inherited)",
					"$(PROJECT_DIR)/Carthage/Build/iOS",
				);
				GCC_C_LANGUAGE_STANDARD = gnu99;
				GCC_DYNAMIC_NO_PIC = NO;
				GCC_NO_COMMON_BLOCKS = YES;
				GCC_OPTIMIZATION_LEVEL = 0;
				GCC_PREPROCESSOR_DEFINITIONS = (
					"DEBUG=1",
					"$(inherited)",
				);
				GCC_WARN_64_TO_32_BIT_CONVERSION = YES;
				GCC_WARN_ABOUT_RETURN_TYPE = YES_ERROR;
				GCC_WARN_UNDECLARED_SELECTOR = YES;
				GCC_WARN_UNINITIALIZED_AUTOS = YES_AGGRESSIVE;
				GCC_WARN_UNUSED_FUNCTION = YES;
				GCC_WARN_UNUSED_VARIABLE = YES;
				INFOPLIST_FILE = ObjectMapperAdditionsRealm/Info.plist;
				INSTALL_PATH = "$(LOCAL_LIBRARY_DIR)/Frameworks";
				LD_RUNPATH_SEARCH_PATHS = "$(inherited) @executable_path/Frameworks @loader_path/Frameworks";
				MTL_ENABLE_DEBUG_INFO = YES;
				ONLY_ACTIVE_ARCH = YES;
				PRODUCT_BUNDLE_IDENTIFIER = "com.anton-plebanovich.ObjectMapperAdditionsRealm";
				PRODUCT_NAME = "$(TARGET_NAME)";
				SDKROOT = iphoneos;
				SKIP_INSTALL = YES;
				SWIFT_ACTIVE_COMPILATION_CONDITIONS = DEBUG;
				SWIFT_OPTIMIZATION_LEVEL = "-Onone";
				VERSIONING_SYSTEM = "apple-generic";
				VERSION_INFO_PREFIX = "";
			};
			name = Debug;
		};
		B0A0737A1F3A4518001B8CC6 /* Release */ = {
			isa = XCBuildConfiguration;
			buildSettings = {
				ALWAYS_SEARCH_USER_PATHS = NO;
				CLANG_ANALYZER_NONNULL = YES;
				CLANG_ANALYZER_NUMBER_OBJECT_CONVERSION = YES_AGGRESSIVE;
				CLANG_CXX_LANGUAGE_STANDARD = "gnu++0x";
				CLANG_CXX_LIBRARY = "libc++";
				CLANG_ENABLE_MODULES = YES;
				CLANG_ENABLE_OBJC_ARC = YES;
				CLANG_WARN_BOOL_CONVERSION = YES;
				CLANG_WARN_CONSTANT_CONVERSION = YES;
				CLANG_WARN_DIRECT_OBJC_ISA_USAGE = YES_ERROR;
				CLANG_WARN_DOCUMENTATION_COMMENTS = YES;
				CLANG_WARN_EMPTY_BODY = YES;
				CLANG_WARN_ENUM_CONVERSION = YES;
				CLANG_WARN_INFINITE_RECURSION = YES;
				CLANG_WARN_INT_CONVERSION = YES;
				CLANG_WARN_OBJC_ROOT_CLASS = YES_ERROR;
				CLANG_WARN_SUSPICIOUS_MOVE = YES;
				CLANG_WARN_UNREACHABLE_CODE = YES;
				CLANG_WARN__DUPLICATE_METHOD_MATCH = YES;
				CODE_SIGN_IDENTITY = "";
				"CODE_SIGN_IDENTITY[sdk=iphoneos*]" = "";
				COPY_PHASE_STRIP = NO;
				CURRENT_PROJECT_VERSION = 1;
				DEBUG_INFORMATION_FORMAT = "dwarf-with-dsym";
				DEFINES_MODULE = YES;
				DYLIB_COMPATIBILITY_VERSION = 1;
				DYLIB_CURRENT_VERSION = 1;
				DYLIB_INSTALL_NAME_BASE = "@rpath";
				ENABLE_NS_ASSERTIONS = NO;
				ENABLE_STRICT_OBJC_MSGSEND = YES;
				FRAMEWORK_SEARCH_PATHS = (
					"$(inherited)",
					"$(PROJECT_DIR)/Carthage/Build/iOS",
				);
				GCC_C_LANGUAGE_STANDARD = gnu99;
				GCC_NO_COMMON_BLOCKS = YES;
				GCC_WARN_64_TO_32_BIT_CONVERSION = YES;
				GCC_WARN_ABOUT_RETURN_TYPE = YES_ERROR;
				GCC_WARN_UNDECLARED_SELECTOR = YES;
				GCC_WARN_UNINITIALIZED_AUTOS = YES_AGGRESSIVE;
				GCC_WARN_UNUSED_FUNCTION = YES;
				GCC_WARN_UNUSED_VARIABLE = YES;
				INFOPLIST_FILE = ObjectMapperAdditionsRealm/Info.plist;
				INSTALL_PATH = "$(LOCAL_LIBRARY_DIR)/Frameworks";
				LD_RUNPATH_SEARCH_PATHS = "$(inherited) @executable_path/Frameworks @loader_path/Frameworks";
				MTL_ENABLE_DEBUG_INFO = NO;
				PRODUCT_BUNDLE_IDENTIFIER = "com.anton-plebanovich.ObjectMapperAdditionsRealm";
				PRODUCT_NAME = "$(TARGET_NAME)";
				SDKROOT = iphoneos;
				SKIP_INSTALL = YES;
				SWIFT_OPTIMIZATION_LEVEL = "-Owholemodule";
				VALIDATE_PRODUCT = YES;
				VERSIONING_SYSTEM = "apple-generic";
				VERSION_INFO_PREFIX = "";
			};
			name = Release;
		};
		E281799722E9AFC20078A909 /* Debug */ = {
			isa = XCBuildConfiguration;
			buildSettings = {
				ALWAYS_SEARCH_USER_PATHS = NO;
				CLANG_ANALYZER_NONNULL = YES;
				CLANG_ANALYZER_NUMBER_OBJECT_CONVERSION = YES_AGGRESSIVE;
				CLANG_CXX_LANGUAGE_STANDARD = "gnu++14";
				CLANG_CXX_LIBRARY = "libc++";
				CLANG_ENABLE_MODULES = YES;
				CLANG_ENABLE_OBJC_ARC = YES;
				CLANG_ENABLE_OBJC_WEAK = YES;
				CLANG_WARN_DIRECT_OBJC_ISA_USAGE = YES_ERROR;
				CLANG_WARN_DOCUMENTATION_COMMENTS = YES;
				CLANG_WARN_OBJC_ROOT_CLASS = YES_ERROR;
				CLANG_WARN_UNGUARDED_AVAILABILITY = YES_AGGRESSIVE;
				CODE_SIGN_IDENTITY = "";
				CODE_SIGN_STYLE = Automatic;
				COPY_PHASE_STRIP = NO;
				CURRENT_PROJECT_VERSION = 1;
				DEBUG_INFORMATION_FORMAT = dwarf;
				DEFINES_MODULE = YES;
				DYLIB_COMPATIBILITY_VERSION = 1;
				DYLIB_CURRENT_VERSION = 1;
				DYLIB_INSTALL_NAME_BASE = "@rpath";
				FRAMEWORK_SEARCH_PATHS = (
					"$(inherited)",
					"$(PROJECT_DIR)/Carthage/Build/watchOS",
				);
				GCC_C_LANGUAGE_STANDARD = gnu11;
				GCC_DYNAMIC_NO_PIC = NO;
				GCC_OPTIMIZATION_LEVEL = 0;
				GCC_PREPROCESSOR_DEFINITIONS = (
					"DEBUG=1",
					"$(inherited)",
				);
				GCC_WARN_ABOUT_RETURN_TYPE = YES_ERROR;
				GCC_WARN_UNINITIALIZED_AUTOS = YES_AGGRESSIVE;
				INFOPLIST_FILE = "ObjectMapperAdditions-watchOS/Info.plist";
				INSTALL_PATH = "$(LOCAL_LIBRARY_DIR)/Frameworks";
				LD_RUNPATH_SEARCH_PATHS = "$(inherited) @executable_path/Frameworks @loader_path/Frameworks";
				MTL_ENABLE_DEBUG_INFO = INCLUDE_SOURCE;
				MTL_FAST_MATH = YES;
				PRODUCT_BUNDLE_IDENTIFIER = "com.anton-plebanovich.ObjectMapperAdditions-watchOS";
				PRODUCT_NAME = ObjectMapperAdditions;
				SDKROOT = watchos;
				SKIP_INSTALL = YES;
				SWIFT_ACTIVE_COMPILATION_CONDITIONS = DEBUG;
				SWIFT_OPTIMIZATION_LEVEL = "-Onone";
				SWIFT_VERSION = 5.0;
				TARGETED_DEVICE_FAMILY = 4;
				VERSIONING_SYSTEM = "apple-generic";
				VERSION_INFO_PREFIX = "";
			};
			name = Debug;
		};
		E281799822E9AFC20078A909 /* Release */ = {
			isa = XCBuildConfiguration;
			buildSettings = {
				ALWAYS_SEARCH_USER_PATHS = NO;
				CLANG_ANALYZER_NONNULL = YES;
				CLANG_ANALYZER_NUMBER_OBJECT_CONVERSION = YES_AGGRESSIVE;
				CLANG_CXX_LANGUAGE_STANDARD = "gnu++14";
				CLANG_CXX_LIBRARY = "libc++";
				CLANG_ENABLE_MODULES = YES;
				CLANG_ENABLE_OBJC_ARC = YES;
				CLANG_ENABLE_OBJC_WEAK = YES;
				CLANG_WARN_DIRECT_OBJC_ISA_USAGE = YES_ERROR;
				CLANG_WARN_DOCUMENTATION_COMMENTS = YES;
				CLANG_WARN_OBJC_ROOT_CLASS = YES_ERROR;
				CLANG_WARN_UNGUARDED_AVAILABILITY = YES_AGGRESSIVE;
				CODE_SIGN_IDENTITY = "";
				CODE_SIGN_STYLE = Automatic;
				COPY_PHASE_STRIP = NO;
				CURRENT_PROJECT_VERSION = 1;
				DEBUG_INFORMATION_FORMAT = "dwarf-with-dsym";
				DEFINES_MODULE = YES;
				DYLIB_COMPATIBILITY_VERSION = 1;
				DYLIB_CURRENT_VERSION = 1;
				DYLIB_INSTALL_NAME_BASE = "@rpath";
				ENABLE_NS_ASSERTIONS = NO;
				FRAMEWORK_SEARCH_PATHS = (
					"$(inherited)",
					"$(PROJECT_DIR)/Carthage/Build/watchOS",
				);
				GCC_C_LANGUAGE_STANDARD = gnu11;
				GCC_WARN_ABOUT_RETURN_TYPE = YES_ERROR;
				GCC_WARN_UNINITIALIZED_AUTOS = YES_AGGRESSIVE;
				INFOPLIST_FILE = "ObjectMapperAdditions-watchOS/Info.plist";
				INSTALL_PATH = "$(LOCAL_LIBRARY_DIR)/Frameworks";
				LD_RUNPATH_SEARCH_PATHS = "$(inherited) @executable_path/Frameworks @loader_path/Frameworks";
				MTL_ENABLE_DEBUG_INFO = NO;
				MTL_FAST_MATH = YES;
				PRODUCT_BUNDLE_IDENTIFIER = "com.anton-plebanovich.ObjectMapperAdditions-watchOS";
				PRODUCT_NAME = ObjectMapperAdditions;
				SDKROOT = watchos;
				SKIP_INSTALL = YES;
				SWIFT_OPTIMIZATION_LEVEL = "-Owholemodule";
				SWIFT_VERSION = 5.0;
				TARGETED_DEVICE_FAMILY = 4;
				VALIDATE_PRODUCT = YES;
				VERSIONING_SYSTEM = "apple-generic";
				VERSION_INFO_PREFIX = "";
			};
			name = Release;
		};
		E28179A422E9AFCE0078A909 /* Debug */ = {
			isa = XCBuildConfiguration;
			buildSettings = {
				ALWAYS_SEARCH_USER_PATHS = NO;
				CLANG_ANALYZER_NONNULL = YES;
				CLANG_ANALYZER_NUMBER_OBJECT_CONVERSION = YES_AGGRESSIVE;
				CLANG_CXX_LANGUAGE_STANDARD = "gnu++14";
				CLANG_CXX_LIBRARY = "libc++";
				CLANG_ENABLE_MODULES = YES;
				CLANG_ENABLE_OBJC_ARC = YES;
				CLANG_ENABLE_OBJC_WEAK = YES;
				CLANG_WARN_DIRECT_OBJC_ISA_USAGE = YES_ERROR;
				CLANG_WARN_DOCUMENTATION_COMMENTS = YES;
				CLANG_WARN_OBJC_ROOT_CLASS = YES_ERROR;
				CLANG_WARN_UNGUARDED_AVAILABILITY = YES_AGGRESSIVE;
				CODE_SIGN_IDENTITY = "";
				CODE_SIGN_STYLE = Automatic;
				COPY_PHASE_STRIP = NO;
				CURRENT_PROJECT_VERSION = 1;
				DEBUG_INFORMATION_FORMAT = dwarf;
				DEFINES_MODULE = YES;
				DYLIB_COMPATIBILITY_VERSION = 1;
				DYLIB_CURRENT_VERSION = 1;
				DYLIB_INSTALL_NAME_BASE = "@rpath";
				FRAMEWORK_SEARCH_PATHS = (
					"$(inherited)",
					"$(PROJECT_DIR)/Carthage/Build/tvOS",
				);
				GCC_C_LANGUAGE_STANDARD = gnu11;
				GCC_DYNAMIC_NO_PIC = NO;
				GCC_OPTIMIZATION_LEVEL = 0;
				GCC_PREPROCESSOR_DEFINITIONS = (
					"DEBUG=1",
					"$(inherited)",
				);
				GCC_WARN_ABOUT_RETURN_TYPE = YES_ERROR;
				GCC_WARN_UNINITIALIZED_AUTOS = YES_AGGRESSIVE;
				INFOPLIST_FILE = "ObjectMapperAdditions-tvOS/Info.plist";
				INSTALL_PATH = "$(LOCAL_LIBRARY_DIR)/Frameworks";
				LD_RUNPATH_SEARCH_PATHS = "$(inherited) @executable_path/Frameworks @loader_path/Frameworks";
				MTL_ENABLE_DEBUG_INFO = INCLUDE_SOURCE;
				MTL_FAST_MATH = YES;
				PRODUCT_BUNDLE_IDENTIFIER = "com.anton-plebanovich.ObjectMapperAdditions-tvOS";
				PRODUCT_NAME = ObjectMapperAdditions;
				SDKROOT = appletvos;
				SKIP_INSTALL = YES;
				SWIFT_ACTIVE_COMPILATION_CONDITIONS = DEBUG;
				SWIFT_OPTIMIZATION_LEVEL = "-Onone";
				SWIFT_VERSION = 5.0;
				TARGETED_DEVICE_FAMILY = 3;
				VERSIONING_SYSTEM = "apple-generic";
				VERSION_INFO_PREFIX = "";
			};
			name = Debug;
		};
		E28179A522E9AFCE0078A909 /* Release */ = {
			isa = XCBuildConfiguration;
			buildSettings = {
				ALWAYS_SEARCH_USER_PATHS = NO;
				CLANG_ANALYZER_NONNULL = YES;
				CLANG_ANALYZER_NUMBER_OBJECT_CONVERSION = YES_AGGRESSIVE;
				CLANG_CXX_LANGUAGE_STANDARD = "gnu++14";
				CLANG_CXX_LIBRARY = "libc++";
				CLANG_ENABLE_MODULES = YES;
				CLANG_ENABLE_OBJC_ARC = YES;
				CLANG_ENABLE_OBJC_WEAK = YES;
				CLANG_WARN_DIRECT_OBJC_ISA_USAGE = YES_ERROR;
				CLANG_WARN_DOCUMENTATION_COMMENTS = YES;
				CLANG_WARN_OBJC_ROOT_CLASS = YES_ERROR;
				CLANG_WARN_UNGUARDED_AVAILABILITY = YES_AGGRESSIVE;
				CODE_SIGN_IDENTITY = "";
				CODE_SIGN_STYLE = Automatic;
				COPY_PHASE_STRIP = NO;
				CURRENT_PROJECT_VERSION = 1;
				DEBUG_INFORMATION_FORMAT = "dwarf-with-dsym";
				DEFINES_MODULE = YES;
				DYLIB_COMPATIBILITY_VERSION = 1;
				DYLIB_CURRENT_VERSION = 1;
				DYLIB_INSTALL_NAME_BASE = "@rpath";
				ENABLE_NS_ASSERTIONS = NO;
				FRAMEWORK_SEARCH_PATHS = (
					"$(inherited)",
					"$(PROJECT_DIR)/Carthage/Build/tvOS",
				);
				GCC_C_LANGUAGE_STANDARD = gnu11;
				GCC_WARN_ABOUT_RETURN_TYPE = YES_ERROR;
				GCC_WARN_UNINITIALIZED_AUTOS = YES_AGGRESSIVE;
				INFOPLIST_FILE = "ObjectMapperAdditions-tvOS/Info.plist";
				INSTALL_PATH = "$(LOCAL_LIBRARY_DIR)/Frameworks";
				LD_RUNPATH_SEARCH_PATHS = "$(inherited) @executable_path/Frameworks @loader_path/Frameworks";
				MTL_ENABLE_DEBUG_INFO = NO;
				MTL_FAST_MATH = YES;
				PRODUCT_BUNDLE_IDENTIFIER = "com.anton-plebanovich.ObjectMapperAdditions-tvOS";
				PRODUCT_NAME = ObjectMapperAdditions;
				SDKROOT = appletvos;
				SKIP_INSTALL = YES;
				SWIFT_OPTIMIZATION_LEVEL = "-Owholemodule";
				SWIFT_VERSION = 5.0;
				TARGETED_DEVICE_FAMILY = 3;
				VALIDATE_PRODUCT = YES;
				VERSIONING_SYSTEM = "apple-generic";
				VERSION_INFO_PREFIX = "";
			};
			name = Release;
		};
		E28179B122E9AFDB0078A909 /* Debug */ = {
			isa = XCBuildConfiguration;
			buildSettings = {
				ALWAYS_SEARCH_USER_PATHS = NO;
				CLANG_ANALYZER_NONNULL = YES;
				CLANG_ANALYZER_NUMBER_OBJECT_CONVERSION = YES_AGGRESSIVE;
				CLANG_CXX_LANGUAGE_STANDARD = "gnu++14";
				CLANG_CXX_LIBRARY = "libc++";
				CLANG_ENABLE_MODULES = YES;
				CLANG_ENABLE_OBJC_ARC = YES;
				CLANG_ENABLE_OBJC_WEAK = YES;
				CLANG_WARN_DIRECT_OBJC_ISA_USAGE = YES_ERROR;
				CLANG_WARN_DOCUMENTATION_COMMENTS = YES;
				CLANG_WARN_OBJC_ROOT_CLASS = YES_ERROR;
				CLANG_WARN_UNGUARDED_AVAILABILITY = YES_AGGRESSIVE;
				CODE_SIGN_IDENTITY = "-";
				CODE_SIGN_STYLE = Automatic;
				COMBINE_HIDPI_IMAGES = YES;
				COPY_PHASE_STRIP = NO;
				CURRENT_PROJECT_VERSION = 1;
				DEBUG_INFORMATION_FORMAT = dwarf;
				DEFINES_MODULE = YES;
				DYLIB_COMPATIBILITY_VERSION = 1;
				DYLIB_CURRENT_VERSION = 1;
				DYLIB_INSTALL_NAME_BASE = "@rpath";
				FRAMEWORK_SEARCH_PATHS = (
					"$(inherited)",
					"$(PROJECT_DIR)/Carthage/Build/Mac",
				);
				FRAMEWORK_VERSION = A;
				GCC_C_LANGUAGE_STANDARD = gnu11;
				GCC_DYNAMIC_NO_PIC = NO;
				GCC_OPTIMIZATION_LEVEL = 0;
				GCC_PREPROCESSOR_DEFINITIONS = (
					"DEBUG=1",
					"$(inherited)",
				);
				GCC_WARN_ABOUT_RETURN_TYPE = YES_ERROR;
				GCC_WARN_UNINITIALIZED_AUTOS = YES_AGGRESSIVE;
				INFOPLIST_FILE = "ObjectMapperAdditions-macOS/Info.plist";
				INSTALL_PATH = "$(LOCAL_LIBRARY_DIR)/Frameworks";
				LD_RUNPATH_SEARCH_PATHS = "$(inherited) @executable_path/../Frameworks @loader_path/Frameworks";
				MTL_ENABLE_DEBUG_INFO = INCLUDE_SOURCE;
				MTL_FAST_MATH = YES;
				PRODUCT_BUNDLE_IDENTIFIER = "com.anton-plebanovich.ObjectMapperAdditions-macOS";
				PRODUCT_NAME = ObjectMapperAdditions;
				SDKROOT = macosx;
				SKIP_INSTALL = YES;
				SWIFT_ACTIVE_COMPILATION_CONDITIONS = DEBUG;
				SWIFT_OPTIMIZATION_LEVEL = "-Onone";
				SWIFT_VERSION = 5.0;
				VERSIONING_SYSTEM = "apple-generic";
				VERSION_INFO_PREFIX = "";
			};
			name = Debug;
		};
		E28179B222E9AFDB0078A909 /* Release */ = {
			isa = XCBuildConfiguration;
			buildSettings = {
				ALWAYS_SEARCH_USER_PATHS = NO;
				CLANG_ANALYZER_NONNULL = YES;
				CLANG_ANALYZER_NUMBER_OBJECT_CONVERSION = YES_AGGRESSIVE;
				CLANG_CXX_LANGUAGE_STANDARD = "gnu++14";
				CLANG_CXX_LIBRARY = "libc++";
				CLANG_ENABLE_MODULES = YES;
				CLANG_ENABLE_OBJC_ARC = YES;
				CLANG_ENABLE_OBJC_WEAK = YES;
				CLANG_WARN_DIRECT_OBJC_ISA_USAGE = YES_ERROR;
				CLANG_WARN_DOCUMENTATION_COMMENTS = YES;
				CLANG_WARN_OBJC_ROOT_CLASS = YES_ERROR;
				CLANG_WARN_UNGUARDED_AVAILABILITY = YES_AGGRESSIVE;
				CODE_SIGN_IDENTITY = "-";
				CODE_SIGN_STYLE = Automatic;
				COMBINE_HIDPI_IMAGES = YES;
				COPY_PHASE_STRIP = NO;
				CURRENT_PROJECT_VERSION = 1;
				DEBUG_INFORMATION_FORMAT = "dwarf-with-dsym";
				DEFINES_MODULE = YES;
				DYLIB_COMPATIBILITY_VERSION = 1;
				DYLIB_CURRENT_VERSION = 1;
				DYLIB_INSTALL_NAME_BASE = "@rpath";
				ENABLE_NS_ASSERTIONS = NO;
				FRAMEWORK_SEARCH_PATHS = (
					"$(inherited)",
					"$(PROJECT_DIR)/Carthage/Build/Mac",
				);
				FRAMEWORK_VERSION = A;
				GCC_C_LANGUAGE_STANDARD = gnu11;
				GCC_WARN_ABOUT_RETURN_TYPE = YES_ERROR;
				GCC_WARN_UNINITIALIZED_AUTOS = YES_AGGRESSIVE;
				INFOPLIST_FILE = "ObjectMapperAdditions-macOS/Info.plist";
				INSTALL_PATH = "$(LOCAL_LIBRARY_DIR)/Frameworks";
				LD_RUNPATH_SEARCH_PATHS = "$(inherited) @executable_path/../Frameworks @loader_path/Frameworks";
				MTL_ENABLE_DEBUG_INFO = NO;
				MTL_FAST_MATH = YES;
				PRODUCT_BUNDLE_IDENTIFIER = "com.anton-plebanovich.ObjectMapperAdditions-macOS";
				PRODUCT_NAME = ObjectMapperAdditions;
				SDKROOT = macosx;
				SKIP_INSTALL = YES;
				SWIFT_OPTIMIZATION_LEVEL = "-Owholemodule";
				SWIFT_VERSION = 5.0;
				VERSIONING_SYSTEM = "apple-generic";
				VERSION_INFO_PREFIX = "";
			};
			name = Release;
		};
/* End XCBuildConfiguration section */

/* Begin XCConfigurationList section */
		B0A073491F3A43C0001B8CC6 /* Build configuration list for PBXProject "ObjectMapperAdditions" */ = {
			isa = XCConfigurationList;
			buildConfigurations = (
				B0A0734A1F3A43C0001B8CC6 /* Debug */,
				B0A0734B1F3A43C0001B8CC6 /* Release */,
			);
			defaultConfigurationIsVisible = 0;
			defaultConfigurationName = Release;
		};
		B0A073591F3A43D7001B8CC6 /* Build configuration list for PBXNativeTarget "ObjectMapperAdditions-iOS" */ = {
			isa = XCConfigurationList;
			buildConfigurations = (
				B0A073571F3A43D7001B8CC6 /* Debug */,
				B0A073581F3A43D7001B8CC6 /* Release */,
			);
			defaultConfigurationIsVisible = 0;
			defaultConfigurationName = Release;
		};
		B0A073781F3A4518001B8CC6 /* Build configuration list for PBXNativeTarget "ObjectMapperAdditionsRealm" */ = {
			isa = XCConfigurationList;
			buildConfigurations = (
				B0A073791F3A4518001B8CC6 /* Debug */,
				B0A0737A1F3A4518001B8CC6 /* Release */,
			);
			defaultConfigurationIsVisible = 0;
			defaultConfigurationName = Release;
		};
		E281799622E9AFC20078A909 /* Build configuration list for PBXNativeTarget "ObjectMapperAdditions-watchOS" */ = {
			isa = XCConfigurationList;
			buildConfigurations = (
				E281799722E9AFC20078A909 /* Debug */,
				E281799822E9AFC20078A909 /* Release */,
			);
			defaultConfigurationIsVisible = 0;
			defaultConfigurationName = Release;
		};
		E28179A322E9AFCE0078A909 /* Build configuration list for PBXNativeTarget "ObjectMapperAdditions-tvOS" */ = {
			isa = XCConfigurationList;
			buildConfigurations = (
				E28179A422E9AFCE0078A909 /* Debug */,
				E28179A522E9AFCE0078A909 /* Release */,
			);
			defaultConfigurationIsVisible = 0;
			defaultConfigurationName = Release;
		};
		E28179B022E9AFDB0078A909 /* Build configuration list for PBXNativeTarget "ObjectMapperAdditions-macOS" */ = {
			isa = XCConfigurationList;
			buildConfigurations = (
				E28179B122E9AFDB0078A909 /* Debug */,
				E28179B222E9AFDB0078A909 /* Release */,
			);
			defaultConfigurationIsVisible = 0;
			defaultConfigurationName = Release;
		};
/* End XCConfigurationList section */
	};
	rootObject = B0A073461F3A43C0001B8CC6 /* Project object */;
}
