// !$*UTF8*$!
{
	archiveVersion = 1;
	classes = {
	};
	objectVersion = 54;
	objects = {

/* Begin PBXBuildFile section */
		0DC249BB2737CA0F00623738 /* RealmPropertyTransform_Spec.swift in Sources */ = {isa = PBXBuildFile; fileRef = 0DC249BA2737CA0F00623738 /* RealmPropertyTransform_Spec.swift */; };
		0DC249BD2737CAED00623738 /* RealmPropertyTypeCastTransform_Spec.swift in Sources */ = {isa = PBXBuildFile; fileRef = 0DC249BC2737CAED00623738 /* RealmPropertyTypeCastTransform_Spec.swift */; };
		0DDE964C278F046D00E346EA /* Create_Spec.swift in Sources */ = {isa = PBXBuildFile; fileRef = 0DDE964B278F046D00E346EA /* Create_Spec.swift */; };
		15228CB302B7F8FD56C0BE5D /* Pods_ObjectMapperAdditions_Tests.framework in Frameworks */ = {isa = PBXBuildFile; fileRef = DDEDDCD09D65355F843EFBC5 /* Pods_ObjectMapperAdditions_Tests.framework */; };
		607FACD61AFB9204008FA782 /* AppDelegate.swift in Sources */ = {isa = PBXBuildFile; fileRef = 607FACD51AFB9204008FA782 /* AppDelegate.swift */; };
		607FACD81AFB9204008FA782 /* ViewController.swift in Sources */ = {isa = PBXBuildFile; fileRef = 607FACD71AFB9204008FA782 /* ViewController.swift */; };
		607FACDB1AFB9204008FA782 /* Main.storyboard in Resources */ = {isa = PBXBuildFile; fileRef = 607FACD91AFB9204008FA782 /* Main.storyboard */; };
		607FACDD1AFB9204008FA782 /* Images.xcassets in Resources */ = {isa = PBXBuildFile; fileRef = 607FACDC1AFB9204008FA782 /* Images.xcassets */; };
		607FACE01AFB9204008FA782 /* LaunchScreen.xib in Resources */ = {isa = PBXBuildFile; fileRef = 607FACDE1AFB9204008FA782 /* LaunchScreen.xib */; };
		607FACEC1AFB9204008FA782 /* TypeCast_Spec.swift in Sources */ = {isa = PBXBuildFile; fileRef = 607FACEB1AFB9204008FA782 /* TypeCast_Spec.swift */; };
		679BB5C7D1BC010448F5314B /* Pods_ObjectMapperAdditions_Example.framework in Frameworks */ = {isa = PBXBuildFile; fileRef = 7232033871E2CE8DA1F1FBD7 /* Pods_ObjectMapperAdditions_Example.framework */; };
		B02194911F2BAB3200E228EB /* MyModel.swift in Sources */ = {isa = PBXBuildFile; fileRef = B0B644791F2A07A100C3739E /* MyModel.swift */; };
		B02194981F2BAF3700E228EB /* Realm_Spec.swift in Sources */ = {isa = PBXBuildFile; fileRef = B02194961F2BAE7B00E228EB /* Realm_Spec.swift */; };
		B0B6447C1F2A07EC00C3739E /* MyOtherModel.swift in Sources */ = {isa = PBXBuildFile; fileRef = B0B6447B1F2A07EC00C3739E /* MyOtherModel.swift */; };
		B0B644811F2A11FC00C3739E /* MyOtherRealmModel.swift in Sources */ = {isa = PBXBuildFile; fileRef = B0B6447F1F2A11FC00C3739E /* MyOtherRealmModel.swift */; };
		B0B644821F2A11FC00C3739E /* MyRealmModel.swift in Sources */ = {isa = PBXBuildFile; fileRef = B0B644801F2A11FC00C3739E /* MyRealmModel.swift */; };
		B0D3A0331F7A54E90062AD2B /* TimestampTransform_Spec.swift in Sources */ = {isa = PBXBuildFile; fileRef = B0D3A0311F7A54BC0062AD2B /* TimestampTransform_Spec.swift */; };
		B0D3A03A1F7A5D740062AD2B /* ISO8601JustDateTransform_Spec.swift in Sources */ = {isa = PBXBuildFile; fileRef = B0D3A0381F7A5D710062AD2B /* ISO8601JustDateTransform_Spec.swift */; };
		E28C98D72255F4AA00C5DA49 /* ExampleEnums.swift in Sources */ = {isa = PBXBuildFile; fileRef = E28C98D62255F4AA00C5DA49 /* ExampleEnums.swift */; };
		E2D5E3942BC9231900E746C8 /* MyPersistedRealmModel.swift in Sources */ = {isa = PBXBuildFile; fileRef = E2D5E3932BC9231900E746C8 /* MyPersistedRealmModel.swift */; };
		E2EC16302DF5ABB500F22701 /* MongoDateTransform_Spec.swift in Sources */ = {isa = PBXBuildFile; fileRef = E2EC162F2DF5ABB500F22701 /* MongoDateTransform_Spec.swift */; };
/* End PBXBuildFile section */

/* Begin PBXContainerItemProxy section */
		607FACE61AFB9204008FA782 /* PBXContainerItemProxy */ = {
			isa = PBXContainerItemProxy;
			containerPortal = 607FACC81AFB9204008FA782 /* Project object */;
			proxyType = 1;
			remoteGlobalIDString = 607FACCF1AFB9204008FA782;
			remoteInfo = ObjectMapperAdditions;
		};
/* End PBXContainerItemProxy section */

/* Begin PBXFileReference section */
		0D2D24CD2171632B006817DE /* DEPLOY PROCESS.md */ = {isa = PBXFileReference; lastKnownFileType = net.daringfireball.markdown; name = "DEPLOY PROCESS.md"; path = "../DEPLOY PROCESS.md"; sourceTree = "<group>"; };
		0D2D24CF21716F8F006817DE /* checkBuild.command */ = {isa = PBXFileReference; lastKnownFileType = text.script.sh; name = checkBuild.command; path = ../../checkBuild.command; sourceTree = "<group>"; };
		0D716B7026285E2200B28330 /* Package.swift */ = {isa = PBXFileReference; lastKnownFileType = sourcecode.swift; name = Package.swift; path = ../Package.swift; sourceTree = "<group>"; };
		0DC249BA2737CA0F00623738 /* RealmPropertyTransform_Spec.swift */ = {isa = PBXFileReference; lastKnownFileType = sourcecode.swift; path = RealmPropertyTransform_Spec.swift; sourceTree = "<group>"; };
		0DC249BC2737CAED00623738 /* RealmPropertyTypeCastTransform_Spec.swift */ = {isa = PBXFileReference; lastKnownFileType = sourcecode.swift; path = RealmPropertyTypeCastTransform_Spec.swift; sourceTree = "<group>"; };
		0DDE964B278F046D00E346EA /* Create_Spec.swift */ = {isa = PBXFileReference; lastKnownFileType = sourcecode.swift; path = Create_Spec.swift; sourceTree = "<group>"; };
		1E6A5436B00ACF85E4A03951 /* podCheck.command */ = {isa = PBXFileReference; includeInIndex = 1; lastKnownFileType = text.script.sh; name = podCheck.command; path = ../../podCheck.command; sourceTree = "<group>"; };
		3306BDD26A7024542AF11D3D /* ObjectMapperAdditions.podspec */ = {isa = PBXFileReference; includeInIndex = 1; indentWidth = 2; lastKnownFileType = text; name = ObjectMapperAdditions.podspec; path = ../ObjectMapperAdditions.podspec; sourceTree = "<group>"; tabWidth = 2; xcLanguageSpecificationIdentifier = xcode.lang.ruby; };
		43260D3A6963AE16EDA55BBC /* Pods-ObjectMapperAdditions_Example.debug.xcconfig */ = {isa = PBXFileReference; includeInIndex = 1; lastKnownFileType = text.xcconfig; name = "Pods-ObjectMapperAdditions_Example.debug.xcconfig"; path = "Pods/Target Support Files/Pods-ObjectMapperAdditions_Example/Pods-ObjectMapperAdditions_Example.debug.xcconfig"; sourceTree = "<group>"; };
		5CAD258AE7CB612216344F76 /* .gitignore */ = {isa = PBXFileReference; includeInIndex = 1; lastKnownFileType = text; name = .gitignore; path = ../.gitignore; sourceTree = "<group>"; };
		607FACD01AFB9204008FA782 /* ObjectMapperAdditions_Example.app */ = {isa = PBXFileReference; explicitFileType = wrapper.application; includeInIndex = 0; path = ObjectMapperAdditions_Example.app; sourceTree = BUILT_PRODUCTS_DIR; };
		607FACD41AFB9204008FA782 /* Info.plist */ = {isa = PBXFileReference; lastKnownFileType = text.plist.xml; path = Info.plist; sourceTree = "<group>"; };
		607FACD51AFB9204008FA782 /* AppDelegate.swift */ = {isa = PBXFileReference; lastKnownFileType = sourcecode.swift; path = AppDelegate.swift; sourceTree = "<group>"; };
		607FACD71AFB9204008FA782 /* ViewController.swift */ = {isa = PBXFileReference; lastKnownFileType = sourcecode.swift; path = ViewController.swift; sourceTree = "<group>"; };
		607FACDA1AFB9204008FA782 /* Base */ = {isa = PBXFileReference; lastKnownFileType = file.storyboard; name = Base; path = Base.lproj/Main.storyboard; sourceTree = "<group>"; };
		607FACDC1AFB9204008FA782 /* Images.xcassets */ = {isa = PBXFileReference; lastKnownFileType = folder.assetcatalog; path = Images.xcassets; sourceTree = "<group>"; };
		607FACDF1AFB9204008FA782 /* Base */ = {isa = PBXFileReference; lastKnownFileType = file.xib; name = Base; path = Base.lproj/LaunchScreen.xib; sourceTree = "<group>"; };
		607FACE51AFB9204008FA782 /* ObjectMapperAdditions_Tests.xctest */ = {isa = PBXFileReference; explicitFileType = wrapper.cfbundle; includeInIndex = 0; path = ObjectMapperAdditions_Tests.xctest; sourceTree = BUILT_PRODUCTS_DIR; };
		607FACEA1AFB9204008FA782 /* Info.plist */ = {isa = PBXFileReference; lastKnownFileType = text.plist.xml; path = Info.plist; sourceTree = "<group>"; };
		607FACEB1AFB9204008FA782 /* TypeCast_Spec.swift */ = {isa = PBXFileReference; lastKnownFileType = sourcecode.swift; path = TypeCast_Spec.swift; sourceTree = "<group>"; };
		6B6D68D9A0872088F633DCDF /* Pods-ObjectMapperAdditions_Tests.debug.xcconfig */ = {isa = PBXFileReference; includeInIndex = 1; lastKnownFileType = text.xcconfig; name = "Pods-ObjectMapperAdditions_Tests.debug.xcconfig"; path = "Pods/Target Support Files/Pods-ObjectMapperAdditions_Tests/Pods-ObjectMapperAdditions_Tests.debug.xcconfig"; sourceTree = "<group>"; };
		7232033871E2CE8DA1F1FBD7 /* Pods_ObjectMapperAdditions_Example.framework */ = {isa = PBXFileReference; explicitFileType = wrapper.framework; includeInIndex = 0; path = Pods_ObjectMapperAdditions_Example.framework; sourceTree = BUILT_PRODUCTS_DIR; };
		7780827ABC350B91C5BFF6F0 /* Pods-ObjectMapperAdditions_Tests.release.xcconfig */ = {isa = PBXFileReference; includeInIndex = 1; lastKnownFileType = text.xcconfig; name = "Pods-ObjectMapperAdditions_Tests.release.xcconfig"; path = "Pods/Target Support Files/Pods-ObjectMapperAdditions_Tests/Pods-ObjectMapperAdditions_Tests.release.xcconfig"; sourceTree = "<group>"; };
		9DFE7F9B21F6E89955E35AA5 /* LICENSE */ = {isa = PBXFileReference; includeInIndex = 1; lastKnownFileType = text; name = LICENSE; path = ../LICENSE; sourceTree = "<group>"; };
		A7D8958764C84B431CB2CCEE /* README.md */ = {isa = PBXFileReference; includeInIndex = 1; lastKnownFileType = net.daringfireball.markdown; name = README.md; path = ../README.md; sourceTree = "<group>"; };
		B02194961F2BAE7B00E228EB /* Realm_Spec.swift */ = {isa = PBXFileReference; fileEncoding = 4; lastKnownFileType = sourcecode.swift; path = Realm_Spec.swift; sourceTree = "<group>"; };
		B0B644791F2A07A100C3739E /* MyModel.swift */ = {isa = PBXFileReference; fileEncoding = 4; lastKnownFileType = sourcecode.swift; path = MyModel.swift; sourceTree = "<group>"; };
		B0B6447B1F2A07EC00C3739E /* MyOtherModel.swift */ = {isa = PBXFileReference; fileEncoding = 4; lastKnownFileType = sourcecode.swift; path = MyOtherModel.swift; sourceTree = "<group>"; };
		B0B6447F1F2A11FC00C3739E /* MyOtherRealmModel.swift */ = {isa = PBXFileReference; fileEncoding = 4; lastKnownFileType = sourcecode.swift; path = MyOtherRealmModel.swift; sourceTree = "<group>"; };
		B0B644801F2A11FC00C3739E /* MyRealmModel.swift */ = {isa = PBXFileReference; fileEncoding = 4; lastKnownFileType = sourcecode.swift; path = MyRealmModel.swift; sourceTree = "<group>"; };
		B0D3A0311F7A54BC0062AD2B /* TimestampTransform_Spec.swift */ = {isa = PBXFileReference; lastKnownFileType = sourcecode.swift; path = TimestampTransform_Spec.swift; sourceTree = "<group>"; };
		B0D3A0381F7A5D710062AD2B /* ISO8601JustDateTransform_Spec.swift */ = {isa = PBXFileReference; lastKnownFileType = sourcecode.swift; path = ISO8601JustDateTransform_Spec.swift; sourceTree = "<group>"; };
		C4D05D631BC1A7024D3C6249 /* .travis.yml */ = {isa = PBXFileReference; includeInIndex = 1; lastKnownFileType = text; name = .travis.yml; path = ../.travis.yml; sourceTree = "<group>"; };
		CC7012B6B5FC05C395C0B729 /* Pods-ObjectMapperAdditions_Example.release.xcconfig */ = {isa = PBXFileReference; includeInIndex = 1; lastKnownFileType = text.xcconfig; name = "Pods-ObjectMapperAdditions_Example.release.xcconfig"; path = "Pods/Target Support Files/Pods-ObjectMapperAdditions_Example/Pods-ObjectMapperAdditions_Example.release.xcconfig"; sourceTree = "<group>"; };
		D46646B272B8B5A8181F666B /* .cocoadocs.yml */ = {isa = PBXFileReference; includeInIndex = 1; lastKnownFileType = text; name = .cocoadocs.yml; path = ../.cocoadocs.yml; sourceTree = "<group>"; };
		D99D6198B7EB09C279219FB2 /* podPush.command */ = {isa = PBXFileReference; includeInIndex = 1; lastKnownFileType = text.script.sh; name = podPush.command; path = ../../podPush.command; sourceTree = "<group>"; };
		DDEDDCD09D65355F843EFBC5 /* Pods_ObjectMapperAdditions_Tests.framework */ = {isa = PBXFileReference; explicitFileType = wrapper.framework; includeInIndex = 0; path = Pods_ObjectMapperAdditions_Tests.framework; sourceTree = BUILT_PRODUCTS_DIR; };
		E28C98D62255F4AA00C5DA49 /* ExampleEnums.swift */ = {isa = PBXFileReference; lastKnownFileType = sourcecode.swift; path = ExampleEnums.swift; sourceTree = "<group>"; };
		E2D5E3922BC5760B00E746C8 /* packageUpdate.command */ = {isa = PBXFileReference; lastKnownFileType = text.script.sh; name = packageUpdate.command; path = ../../packageUpdate.command; sourceTree = "<group>"; };
		E2D5E3932BC9231900E746C8 /* MyPersistedRealmModel.swift */ = {isa = PBXFileReference; lastKnownFileType = sourcecode.swift; path = MyPersistedRealmModel.swift; sourceTree = "<group>"; };
		E2EC162F2DF5ABB500F22701 /* MongoDateTransform_Spec.swift */ = {isa = PBXFileReference; lastKnownFileType = sourcecode.swift; path = MongoDateTransform_Spec.swift; sourceTree = "<group>"; };
		F253760DFAA3796C1818AA2F /* CHANGELOG.md */ = {isa = PBXFileReference; includeInIndex = 1; lastKnownFileType = net.daringfireball.markdown; name = CHANGELOG.md; path = ../CHANGELOG.md; sourceTree = "<group>"; };
/* End PBXFileReference section */

/* Begin PBXFrameworksBuildPhase section */
		607FACCD1AFB9204008FA782 /* Frameworks */ = {
			isa = PBXFrameworksBuildPhase;
			buildActionMask = 2147483647;
			files = (
				679BB5C7D1BC010448F5314B /* Pods_ObjectMapperAdditions_Example.framework in Frameworks */,
			);
			runOnlyForDeploymentPostprocessing = 0;
		};
		607FACE21AFB9204008FA782 /* Frameworks */ = {
			isa = PBXFrameworksBuildPhase;
			buildActionMask = 2147483647;
			files = (
				15228CB302B7F8FD56C0BE5D /* Pods_ObjectMapperAdditions_Tests.framework in Frameworks */,
			);
			runOnlyForDeploymentPostprocessing = 0;
		};
/* End PBXFrameworksBuildPhase section */

/* Begin PBXGroup section */
		607FACC71AFB9204008FA782 = {
			isa = PBXGroup;
			children = (
				E27540EA2D9E8F3100CCE68F /* _Scripts */,
				607FACF51AFB993E008FA782 /* Podspec Metadata */,
				607FACD21AFB9204008FA782 /* Example for ObjectMapperAdditions */,
				607FACE81AFB9204008FA782 /* Tests */,
				607FACD11AFB9204008FA782 /* Products */,
				C656692AA65001FBC5451351 /* Pods */,
				EDA27D7F51BD1FF51FF63B95 /* Frameworks */,
			);
			sourceTree = "<group>";
		};
		607FACD11AFB9204008FA782 /* Products */ = {
			isa = PBXGroup;
			children = (
				607FACD01AFB9204008FA782 /* ObjectMapperAdditions_Example.app */,
				607FACE51AFB9204008FA782 /* ObjectMapperAdditions_Tests.xctest */,
			);
			name = Products;
			sourceTree = "<group>";
		};
		607FACD21AFB9204008FA782 /* Example for ObjectMapperAdditions */ = {
			isa = PBXGroup;
			children = (
				B06688E51F13EAB800A02878 /* _Gifs */,
				B06688E41F13EAB300A02878 /* _Images */,
				607FACD31AFB9204008FA782 /* _Supporting Files */,
				607FACD51AFB9204008FA782 /* AppDelegate.swift */,
				E28C98D62255F4AA00C5DA49 /* ExampleEnums.swift */,
				607FACDC1AFB9204008FA782 /* Images.xcassets */,
				607FACDE1AFB9204008FA782 /* LaunchScreen.xib */,
				607FACD91AFB9204008FA782 /* Main.storyboard */,
				B0B644791F2A07A100C3739E /* MyModel.swift */,
				B0B6447B1F2A07EC00C3739E /* MyOtherModel.swift */,
				B0B6447F1F2A11FC00C3739E /* MyOtherRealmModel.swift */,
				E2D5E3932BC9231900E746C8 /* MyPersistedRealmModel.swift */,
				B0B644801F2A11FC00C3739E /* MyRealmModel.swift */,
				607FACD71AFB9204008FA782 /* ViewController.swift */,
			);
			name = "Example for ObjectMapperAdditions";
			path = ObjectMapperAdditions;
			sourceTree = "<group>";
		};
		607FACD31AFB9204008FA782 /* _Supporting Files */ = {
			isa = PBXGroup;
			children = (
				607FACD41AFB9204008FA782 /* Info.plist */,
			);
			name = "_Supporting Files";
			sourceTree = "<group>";
		};
		607FACE81AFB9204008FA782 /* Tests */ = {
			isa = PBXGroup;
			children = (
				607FACE91AFB9204008FA782 /* _Supporting Files */,
				0DDE964B278F046D00E346EA /* Create_Spec.swift */,
				B0D3A0381F7A5D710062AD2B /* ISO8601JustDateTransform_Spec.swift */,
				E2EC162F2DF5ABB500F22701 /* MongoDateTransform_Spec.swift */,
				B02194961F2BAE7B00E228EB /* Realm_Spec.swift */,
				0DC249BA2737CA0F00623738 /* RealmPropertyTransform_Spec.swift */,
				0DC249BC2737CAED00623738 /* RealmPropertyTypeCastTransform_Spec.swift */,
				B0D3A0311F7A54BC0062AD2B /* TimestampTransform_Spec.swift */,
				607FACEB1AFB9204008FA782 /* TypeCast_Spec.swift */,
			);
			path = Tests;
			sourceTree = "<group>";
		};
		607FACE91AFB9204008FA782 /* _Supporting Files */ = {
			isa = PBXGroup;
			children = (
				607FACEA1AFB9204008FA782 /* Info.plist */,
			);
			name = "_Supporting Files";
			sourceTree = "<group>";
		};
		607FACF51AFB993E008FA782 /* Podspec Metadata */ = {
			isa = PBXGroup;
			children = (
				D46646B272B8B5A8181F666B /* .cocoadocs.yml */,
				5CAD258AE7CB612216344F76 /* .gitignore */,
				C4D05D631BC1A7024D3C6249 /* .travis.yml */,
				F253760DFAA3796C1818AA2F /* CHANGELOG.md */,
				0D2D24CD2171632B006817DE /* DEPLOY PROCESS.md */,
				9DFE7F9B21F6E89955E35AA5 /* LICENSE */,
				3306BDD26A7024542AF11D3D /* ObjectMapperAdditions.podspec */,
				0D716B7026285E2200B28330 /* Package.swift */,
				A7D8958764C84B431CB2CCEE /* README.md */,
			);
			name = "Podspec Metadata";
			sourceTree = "<group>";
		};
		B06688E41F13EAB300A02878 /* _Images */ = {
			isa = PBXGroup;
			children = (
			);
			name = _Images;
			sourceTree = "<group>";
		};
		B06688E51F13EAB800A02878 /* _Gifs */ = {
			isa = PBXGroup;
			children = (
			);
			name = _Gifs;
			sourceTree = "<group>";
		};
		C656692AA65001FBC5451351 /* Pods */ = {
			isa = PBXGroup;
			children = (
				43260D3A6963AE16EDA55BBC /* Pods-ObjectMapperAdditions_Example.debug.xcconfig */,
				CC7012B6B5FC05C395C0B729 /* Pods-ObjectMapperAdditions_Example.release.xcconfig */,
				6B6D68D9A0872088F633DCDF /* Pods-ObjectMapperAdditions_Tests.debug.xcconfig */,
				7780827ABC350B91C5BFF6F0 /* Pods-ObjectMapperAdditions_Tests.release.xcconfig */,
			);
			name = Pods;
			sourceTree = "<group>";
		};
		E27540EA2D9E8F3100CCE68F /* _Scripts */ = {
			isa = PBXGroup;
			children = (
				0D2D24CF21716F8F006817DE /* checkBuild.command */,
				E2D5E3922BC5760B00E746C8 /* packageUpdate.command */,
				1E6A5436B00ACF85E4A03951 /* podCheck.command */,
				D99D6198B7EB09C279219FB2 /* podPush.command */,
			);
			path = _Scripts;
			sourceTree = "<group>";
		};
		EDA27D7F51BD1FF51FF63B95 /* Frameworks */ = {
			isa = PBXGroup;
			children = (
				7232033871E2CE8DA1F1FBD7 /* Pods_ObjectMapperAdditions_Example.framework */,
				DDEDDCD09D65355F843EFBC5 /* Pods_ObjectMapperAdditions_Tests.framework */,
			);
			name = Frameworks;
			sourceTree = "<group>";
		};
/* End PBXGroup section */

/* Begin PBXNativeTarget section */
		607FACCF1AFB9204008FA782 /* ObjectMapperAdditions_Example */ = {
			isa = PBXNativeTarget;
			buildConfigurationList = 607FACEF1AFB9204008FA782 /* Build configuration list for PBXNativeTarget "ObjectMapperAdditions_Example" */;
			buildPhases = (
				2E558D53848DEC446C9D6B93 /* [CP] Check Pods Manifest.lock */,
				607FACCC1AFB9204008FA782 /* Sources */,
				607FACCD1AFB9204008FA782 /* Frameworks */,
				607FACCE1AFB9204008FA782 /* Resources */,
				30DBA9CF11A05D1EBE3DC1EF /* [CP] Embed Pods Frameworks */,
			);
			buildRules = (
			);
			dependencies = (
			);
			name = ObjectMapperAdditions_Example;
			productName = ObjectMapperAdditions;
			productReference = 607FACD01AFB9204008FA782 /* ObjectMapperAdditions_Example.app */;
			productType = "com.apple.product-type.application";
		};
		607FACE41AFB9204008FA782 /* ObjectMapperAdditions_Tests */ = {
			isa = PBXNativeTarget;
			buildConfigurationList = 607FACF21AFB9204008FA782 /* Build configuration list for PBXNativeTarget "ObjectMapperAdditions_Tests" */;
			buildPhases = (
				B5B2F63AD54CECD6335D733B /* [CP] Check Pods Manifest.lock */,
				607FACE11AFB9204008FA782 /* Sources */,
				607FACE21AFB9204008FA782 /* Frameworks */,
				607FACE31AFB9204008FA782 /* Resources */,
				3A0E6AEB31E9F1C2B6EB8F85 /* [CP] Embed Pods Frameworks */,
			);
			buildRules = (
			);
			dependencies = (
				607FACE71AFB9204008FA782 /* PBXTargetDependency */,
			);
			name = ObjectMapperAdditions_Tests;
			productName = Tests;
			productReference = 607FACE51AFB9204008FA782 /* ObjectMapperAdditions_Tests.xctest */;
			productType = "com.apple.product-type.bundle.unit-test";
		};
/* End PBXNativeTarget section */

/* Begin PBXProject section */
		607FACC81AFB9204008FA782 /* Project object */ = {
			isa = PBXProject;
			attributes = {
				BuildIndependentTargetsInParallel = YES;
				LastSwiftUpdateCheck = 0720;
				LastUpgradeCheck = 1630;
				ORGANIZATIONNAME = CocoaPods;
				TargetAttributes = {
					607FACCF1AFB9204008FA782 = {
						CreatedOnToolsVersion = 6.3.1;
						LastSwiftMigration = 1020;
					};
					607FACE41AFB9204008FA782 = {
						CreatedOnToolsVersion = 6.3.1;
						LastSwiftMigration = 1020;
						TestTargetID = 607FACCF1AFB9204008FA782;
					};
				};
			};
			buildConfigurationList = 607FACCB1AFB9204008FA782 /* Build configuration list for PBXProject "ObjectMapperAdditions" */;
			compatibilityVersion = "Xcode 3.2";
			developmentRegion = en;
			hasScannedForEncodings = 0;
			knownRegions = (
				en,
				Base,
			);
			mainGroup = 607FACC71AFB9204008FA782;
			productRefGroup = 607FACD11AFB9204008FA782 /* Products */;
			projectDirPath = "";
			projectRoot = "";
			targets = (
				607FACCF1AFB9204008FA782 /* ObjectMapperAdditions_Example */,
				607FACE41AFB9204008FA782 /* ObjectMapperAdditions_Tests */,
			);
		};
/* End PBXProject section */

/* Begin PBXResourcesBuildPhase section */
		607FACCE1AFB9204008FA782 /* Resources */ = {
			isa = PBXResourcesBuildPhase;
			buildActionMask = 2147483647;
			files = (
				607FACDB1AFB9204008FA782 /* Main.storyboard in Resources */,
				607FACE01AFB9204008FA782 /* LaunchScreen.xib in Resources */,
				607FACDD1AFB9204008FA782 /* Images.xcassets in Resources */,
			);
			runOnlyForDeploymentPostprocessing = 0;
		};
		607FACE31AFB9204008FA782 /* Resources */ = {
			isa = PBXResourcesBuildPhase;
			buildActionMask = 2147483647;
			files = (
			);
			runOnlyForDeploymentPostprocessing = 0;
		};
/* End PBXResourcesBuildPhase section */

/* Begin PBXShellScriptBuildPhase section */
		2E558D53848DEC446C9D6B93 /* [CP] Check Pods Manifest.lock */ = {
			isa = PBXShellScriptBuildPhase;
			buildActionMask = 2147483647;
			files = (
			);
			inputPaths = (
				"${PODS_PODFILE_DIR_PATH}/Podfile.lock",
				"${PODS_ROOT}/Manifest.lock",
			);
			name = "[CP] Check Pods Manifest.lock";
			outputPaths = (
				"$(DERIVED_FILE_DIR)/Pods-ObjectMapperAdditions_Example-checkManifestLockResult.txt",
			);
			runOnlyForDeploymentPostprocessing = 0;
			shellPath = /bin/sh;
			shellScript = "diff \"${PODS_PODFILE_DIR_PATH}/Podfile.lock\" \"${PODS_ROOT}/Manifest.lock\" > /dev/null\nif [ $? != 0 ] ; then\n    # print error to STDERR\n    echo \"error: The sandbox is not in sync with the Podfile.lock. Run 'pod install' or update your CocoaPods installation.\" >&2\n    exit 1\nfi\n# This output is used by Xcode 'outputs' to avoid re-running this script phase.\necho \"SUCCESS\" > \"${SCRIPT_OUTPUT_FILE_0}\"\n";
			showEnvVarsInLog = 0;
		};
		30DBA9CF11A05D1EBE3DC1EF /* [CP] Embed Pods Frameworks */ = {
			isa = PBXShellScriptBuildPhase;
			buildActionMask = 2147483647;
			files = (
			);
			inputPaths = (
				"${PODS_ROOT}/Target Support Files/Pods-ObjectMapperAdditions_Example/Pods-ObjectMapperAdditions_Example-frameworks.sh",
				"${BUILT_PRODUCTS_DIR}/APExtensions/APExtensions.framework",
				"${BUILT_PRODUCTS_DIR}/ObjectMapper/ObjectMapper.framework",
				"${BUILT_PRODUCTS_DIR}/ObjectMapperAdditions/ObjectMapperAdditions.framework",
				"${BUILT_PRODUCTS_DIR}/Realm/Realm.framework",
				"${BUILT_PRODUCTS_DIR}/RealmSwift/RealmSwift.framework",
				"${BUILT_PRODUCTS_DIR}/RoutableLogger/RoutableLogger.framework",
			);
			name = "[CP] Embed Pods Frameworks";
			outputPaths = (
				"${TARGET_BUILD_DIR}/${FRAMEWORKS_FOLDER_PATH}/APExtensions.framework",
				"${TARGET_BUILD_DIR}/${FRAMEWORKS_FOLDER_PATH}/ObjectMapper.framework",
				"${TARGET_BUILD_DIR}/${FRAMEWORKS_FOLDER_PATH}/ObjectMapperAdditions.framework",
				"${TARGET_BUILD_DIR}/${FRAMEWORKS_FOLDER_PATH}/Realm.framework",
				"${TARGET_BUILD_DIR}/${FRAMEWORKS_FOLDER_PATH}/RealmSwift.framework",
				"${TARGET_BUILD_DIR}/${FRAMEWORKS_FOLDER_PATH}/RoutableLogger.framework",
			);
			runOnlyForDeploymentPostprocessing = 0;
			shellPath = /bin/sh;
			shellScript = "\"${PODS_ROOT}/Target Support Files/Pods-ObjectMapperAdditions_Example/Pods-ObjectMapperAdditions_Example-frameworks.sh\"\n";
			showEnvVarsInLog = 0;
		};
		3A0E6AEB31E9F1C2B6EB8F85 /* [CP] Embed Pods Frameworks */ = {
			isa = PBXShellScriptBuildPhase;
			buildActionMask = 2147483647;
			files = (
			);
			inputPaths = (
				"${PODS_ROOT}/Target Support Files/Pods-ObjectMapperAdditions_Tests/Pods-ObjectMapperAdditions_Tests-frameworks.sh",
				"${BUILT_PRODUCTS_DIR}/CwlCatchException/CwlCatchException.framework",
				"${BUILT_PRODUCTS_DIR}/CwlCatchExceptionSupport/CwlCatchExceptionSupport.framework",
				"${BUILT_PRODUCTS_DIR}/CwlMachBadInstructionHandler/CwlMachBadInstructionHandler.framework",
				"${BUILT_PRODUCTS_DIR}/CwlPosixPreconditionTesting/CwlPosixPreconditionTesting.framework",
				"${BUILT_PRODUCTS_DIR}/CwlPreconditionTesting/CwlPreconditionTesting.framework",
				"${BUILT_PRODUCTS_DIR}/Nimble/Nimble.framework",
				"${BUILT_PRODUCTS_DIR}/Quick/Quick.framework",
			);
			name = "[CP] Embed Pods Frameworks";
			outputPaths = (
				"${TARGET_BUILD_DIR}/${FRAMEWORKS_FOLDER_PATH}/CwlCatchException.framework",
				"${TARGET_BUILD_DIR}/${FRAMEWORKS_FOLDER_PATH}/CwlCatchExceptionSupport.framework",
				"${TARGET_BUILD_DIR}/${FRAMEWORKS_FOLDER_PATH}/CwlMachBadInstructionHandler.framework",
				"${TARGET_BUILD_DIR}/${FRAMEWORKS_FOLDER_PATH}/CwlPosixPreconditionTesting.framework",
				"${TARGET_BUILD_DIR}/${FRAMEWORKS_FOLDER_PATH}/CwlPreconditionTesting.framework",
				"${TARGET_BUILD_DIR}/${FRAMEWORKS_FOLDER_PATH}/Nimble.framework",
				"${TARGET_BUILD_DIR}/${FRAMEWORKS_FOLDER_PATH}/Quick.framework",
			);
			runOnlyForDeploymentPostprocessing = 0;
			shellPath = /bin/sh;
			shellScript = "\"${PODS_ROOT}/Target Support Files/Pods-ObjectMapperAdditions_Tests/Pods-ObjectMapperAdditions_Tests-frameworks.sh\"\n";
			showEnvVarsInLog = 0;
		};
		B5B2F63AD54CECD6335D733B /* [CP] Check Pods Manifest.lock */ = {
			isa = PBXShellScriptBuildPhase;
			buildActionMask = 2147483647;
			files = (
			);
			inputPaths = (
				"${PODS_PODFILE_DIR_PATH}/Podfile.lock",
				"${PODS_ROOT}/Manifest.lock",
			);
			name = "[CP] Check Pods Manifest.lock";
			outputPaths = (
				"$(DERIVED_FILE_DIR)/Pods-ObjectMapperAdditions_Tests-checkManifestLockResult.txt",
			);
			runOnlyForDeploymentPostprocessing = 0;
			shellPath = /bin/sh;
			shellScript = "diff \"${PODS_PODFILE_DIR_PATH}/Podfile.lock\" \"${PODS_ROOT}/Manifest.lock\" > /dev/null\nif [ $? != 0 ] ; then\n    # print error to STDERR\n    echo \"error: The sandbox is not in sync with the Podfile.lock. Run 'pod install' or update your CocoaPods installation.\" >&2\n    exit 1\nfi\n# This output is used by Xcode 'outputs' to avoid re-running this script phase.\necho \"SUCCESS\" > \"${SCRIPT_OUTPUT_FILE_0}\"\n";
			showEnvVarsInLog = 0;
		};
/* End PBXShellScriptBuildPhase section */

/* Begin PBXSourcesBuildPhase section */
		607FACCC1AFB9204008FA782 /* Sources */ = {
			isa = PBXSourcesBuildPhase;
			buildActionMask = 2147483647;
			files = (
				E28C98D72255F4AA00C5DA49 /* ExampleEnums.swift in Sources */,
				607FACD81AFB9204008FA782 /* ViewController.swift in Sources */,
				B02194911F2BAB3200E228EB /* MyModel.swift in Sources */,
				E2D5E3942BC9231900E746C8 /* MyPersistedRealmModel.swift in Sources */,
				B0B6447C1F2A07EC00C3739E /* MyOtherModel.swift in Sources */,
				B0B644821F2A11FC00C3739E /* MyRealmModel.swift in Sources */,
				B0B644811F2A11FC00C3739E /* MyOtherRealmModel.swift in Sources */,
				607FACD61AFB9204008FA782 /* AppDelegate.swift in Sources */,
			);
			runOnlyForDeploymentPostprocessing = 0;
		};
		607FACE11AFB9204008FA782 /* Sources */ = {
			isa = PBXSourcesBuildPhase;
			buildActionMask = 2147483647;
			files = (
				0DDE964C278F046D00E346EA /* Create_Spec.swift in Sources */,
				B02194981F2BAF3700E228EB /* Realm_Spec.swift in Sources */,
				B0D3A0331F7A54E90062AD2B /* TimestampTransform_Spec.swift in Sources */,
				B0D3A03A1F7A5D740062AD2B /* ISO8601JustDateTransform_Spec.swift in Sources */,
				E2EC16302DF5ABB500F22701 /* MongoDateTransform_Spec.swift in Sources */,
				607FACEC1AFB9204008FA782 /* TypeCast_Spec.swift in Sources */,
				0DC249BB2737CA0F00623738 /* RealmPropertyTransform_Spec.swift in Sources */,
				0DC249BD2737CAED00623738 /* RealmPropertyTypeCastTransform_Spec.swift in Sources */,
			);
			runOnlyForDeploymentPostprocessing = 0;
		};
/* End PBXSourcesBuildPhase section */

/* Begin PBXTargetDependency section */
		607FACE71AFB9204008FA782 /* PBXTargetDependency */ = {
			isa = PBXTargetDependency;
			target = 607FACCF1AFB9204008FA782 /* ObjectMapperAdditions_Example */;
			targetProxy = 607FACE61AFB9204008FA782 /* PBXContainerItemProxy */;
		};
/* End PBXTargetDependency section */

/* Begin PBXVariantGroup section */
		607FACD91AFB9204008FA782 /* Main.storyboard */ = {
			isa = PBXVariantGroup;
			children = (
				607FACDA1AFB9204008FA782 /* Base */,
			);
			name = Main.storyboard;
			sourceTree = "<group>";
		};
		607FACDE1AFB9204008FA782 /* LaunchScreen.xib */ = {
			isa = PBXVariantGroup;
			children = (
				607FACDF1AFB9204008FA782 /* Base */,
			);
			name = LaunchScreen.xib;
			sourceTree = "<group>";
		};
/* End PBXVariantGroup section */

/* Begin XCBuildConfiguration section */
		607FACED1AFB9204008FA782 /* Debug */ = {
			isa = XCBuildConfiguration;
			buildSettings = {
				ALWAYS_SEARCH_USER_PATHS = NO;
				CLANG_ANALYZER_LOCALIZABILITY_NONLOCALIZED = YES;
				CLANG_CXX_LANGUAGE_STANDARD = "gnu++0x";
				CLANG_CXX_LIBRARY = "libc++";
				CLANG_ENABLE_MODULES = YES;
				CLANG_ENABLE_OBJC_ARC = YES;
				CLANG_WARN_BLOCK_CAPTURE_AUTORELEASING = YES;
				CLANG_WARN_BOOL_CONVERSION = YES;
				CLANG_WARN_COMMA = YES;
				CLANG_WARN_CONSTANT_CONVERSION = YES;
				CLANG_WARN_DEPRECATED_OBJC_IMPLEMENTATIONS = YES;
				CLANG_WARN_DIRECT_OBJC_ISA_USAGE = YES_ERROR;
				CLANG_WARN_EMPTY_BODY = YES;
				CLANG_WARN_ENUM_CONVERSION = YES;
				CLANG_WARN_INFINITE_RECURSION = YES;
				CLANG_WARN_INT_CONVERSION = YES;
				CLANG_WARN_NON_LITERAL_NULL_CONVERSION = YES;
				CLANG_WARN_OBJC_IMPLICIT_RETAIN_SELF = YES;
				CLANG_WARN_OBJC_LITERAL_CONVERSION = YES;
				CLANG_WARN_OBJC_ROOT_CLASS = YES_ERROR;
				CLANG_WARN_QUOTED_INCLUDE_IN_FRAMEWORK_HEADER = YES;
				CLANG_WARN_RANGE_LOOP_ANALYSIS = YES;
				CLANG_WARN_STRICT_PROTOTYPES = YES;
				CLANG_WARN_SUSPICIOUS_MOVE = YES;
				CLANG_WARN_UNREACHABLE_CODE = YES;
				CLANG_WARN__DUPLICATE_METHOD_MATCH = YES;
				"CODE_SIGN_IDENTITY[sdk=iphoneos*]" = "iPhone Developer";
				COPY_PHASE_STRIP = NO;
				DEBUG_INFORMATION_FORMAT = dwarf;
				ENABLE_STRICT_OBJC_MSGSEND = YES;
				ENABLE_TESTABILITY = YES;
				GCC_C_LANGUAGE_STANDARD = gnu99;
				GCC_DYNAMIC_NO_PIC = NO;
				GCC_NO_COMMON_BLOCKS = YES;
				GCC_OPTIMIZATION_LEVEL = 0;
				GCC_PREPROCESSOR_DEFINITIONS = (
					"DEBUG=1",
					"$(inherited)",
				);
				GCC_SYMBOLS_PRIVATE_EXTERN = NO;
				GCC_WARN_64_TO_32_BIT_CONVERSION = YES;
				GCC_WARN_ABOUT_RETURN_TYPE = YES_ERROR;
				GCC_WARN_UNDECLARED_SELECTOR = YES;
				GCC_WARN_UNINITIALIZED_AUTOS = YES_AGGRESSIVE;
				GCC_WARN_UNUSED_FUNCTION = YES;
				GCC_WARN_UNUSED_VARIABLE = YES;
				IPHONEOS_DEPLOYMENT_TARGET = 15.6;
				MACOSX_DEPLOYMENT_TARGET = 11.5;
				MTL_ENABLE_DEBUG_INFO = YES;
				ONLY_ACTIVE_ARCH = YES;
				SDKROOT = iphoneos;
				SWIFT_OPTIMIZATION_LEVEL = "-Onone";
				SWIFT_VERSION = 5.0;
				TVOS_DEPLOYMENT_TARGET = 15.6;
				WATCHOS_DEPLOYMENT_TARGET = 8.7;
			};
			name = Debug;
		};
		607FACEE1AFB9204008FA782 /* Release */ = {
			isa = XCBuildConfiguration;
			buildSettings = {
				ALWAYS_SEARCH_USER_PATHS = NO;
				CLANG_ANALYZER_LOCALIZABILITY_NONLOCALIZED = YES;
				CLANG_CXX_LANGUAGE_STANDARD = "gnu++0x";
				CLANG_CXX_LIBRARY = "libc++";
				CLANG_ENABLE_MODULES = YES;
				CLANG_ENABLE_OBJC_ARC = YES;
				CLANG_WARN_BLOCK_CAPTURE_AUTORELEASING = YES;
				CLANG_WARN_BOOL_CONVERSION = YES;
				CLANG_WARN_COMMA = YES;
				CLANG_WARN_CONSTANT_CONVERSION = YES;
				CLANG_WARN_DEPRECATED_OBJC_IMPLEMENTATIONS = YES;
				CLANG_WARN_DIRECT_OBJC_ISA_USAGE = YES_ERROR;
				CLANG_WARN_EMPTY_BODY = YES;
				CLANG_WARN_ENUM_CONVERSION = YES;
				CLANG_WARN_INFINITE_RECURSION = YES;
				CLANG_WARN_INT_CONVERSION = YES;
				CLANG_WARN_NON_LITERAL_NULL_CONVERSION = YES;
				CLANG_WARN_OBJC_IMPLICIT_RETAIN_SELF = YES;
				CLANG_WARN_OBJC_LITERAL_CONVERSION = YES;
				CLANG_WARN_OBJC_ROOT_CLASS = YES_ERROR;
				CLANG_WARN_QUOTED_INCLUDE_IN_FRAMEWORK_HEADER = YES;
				CLANG_WARN_RANGE_LOOP_ANALYSIS = YES;
				CLANG_WARN_STRICT_PROTOTYPES = YES;
				CLANG_WARN_SUSPICIOUS_MOVE = YES;
				CLANG_WARN_UNREACHABLE_CODE = YES;
				CLANG_WARN__DUPLICATE_METHOD_MATCH = YES;
				"CODE_SIGN_IDENTITY[sdk=iphoneos*]" = "iPhone Developer";
				COPY_PHASE_STRIP = NO;
				DEBUG_INFORMATION_FORMAT = "dwarf-with-dsym";
				ENABLE_NS_ASSERTIONS = NO;
				ENABLE_STRICT_OBJC_MSGSEND = YES;
				GCC_C_LANGUAGE_STANDARD = gnu99;
				GCC_NO_COMMON_BLOCKS = YES;
				GCC_WARN_64_TO_32_BIT_CONVERSION = YES;
				GCC_WARN_ABOUT_RETURN_TYPE = YES_ERROR;
				GCC_WARN_UNDECLARED_SELECTOR = YES;
				GCC_WARN_UNINITIALIZED_AUTOS = YES_AGGRESSIVE;
				GCC_WARN_UNUSED_FUNCTION = YES;
				GCC_WARN_UNUSED_VARIABLE = YES;
				IPHONEOS_DEPLOYMENT_TARGET = 15.6;
				MACOSX_DEPLOYMENT_TARGET = 11.5;
				MTL_ENABLE_DEBUG_INFO = NO;
				SDKROOT = iphoneos;
				SWIFT_COMPILATION_MODE = wholemodule;
				SWIFT_OPTIMIZATION_LEVEL = "-O";
				SWIFT_VERSION = 5.0;
				TVOS_DEPLOYMENT_TARGET = 15.6;
				VALIDATE_PRODUCT = YES;
				WATCHOS_DEPLOYMENT_TARGET = 8.7;
			};
			name = Release;
		};
		607FACF01AFB9204008FA782 /* Debug */ = {
			isa = XCBuildConfiguration;
			baseConfigurationReference = 43260D3A6963AE16EDA55BBC /* Pods-ObjectMapperAdditions_Example.debug.xcconfig */;
			buildSettings = {
				ASSETCATALOG_COMPILER_APPICON_NAME = AppIcon;
				INFOPLIST_FILE = ObjectMapperAdditions/Info.plist;
				LD_RUNPATH_SEARCH_PATHS = (
					"$(inherited)",
					"@executable_path/Frameworks",
				);
				MODULE_NAME = ExampleApp;
				PRODUCT_BUNDLE_IDENTIFIER = "com.anton-plebanovich.ObjectMapperAdditions-Example${DEVELOPMENT_TEAM}";
				PRODUCT_NAME = "$(TARGET_NAME)";
			};
			name = Debug;
		};
		607FACF11AFB9204008FA782 /* Release */ = {
			isa = XCBuildConfiguration;
			baseConfigurationReference = CC7012B6B5FC05C395C0B729 /* Pods-ObjectMapperAdditions_Example.release.xcconfig */;
			buildSettings = {
				ASSETCATALOG_COMPILER_APPICON_NAME = AppIcon;
				INFOPLIST_FILE = ObjectMapperAdditions/Info.plist;
				LD_RUNPATH_SEARCH_PATHS = (
					"$(inherited)",
					"@executable_path/Frameworks",
				);
				MODULE_NAME = ExampleApp;
				PRODUCT_BUNDLE_IDENTIFIER = "com.anton-plebanovich.ObjectMapperAdditions-Example${DEVELOPMENT_TEAM}";
				PRODUCT_NAME = "$(TARGET_NAME)";
			};
			name = Release;
		};
		607FACF31AFB9204008FA782 /* Debug */ = {
			isa = XCBuildConfiguration;
			baseConfigurationReference = 6B6D68D9A0872088F633DCDF /* Pods-ObjectMapperAdditions_Tests.debug.xcconfig */;
			buildSettings = {
				BUNDLE_LOADER = "$(TEST_HOST)";
				FRAMEWORK_SEARCH_PATHS = "$(inherited)";
				GCC_PREPROCESSOR_DEFINITIONS = (
					"DEBUG=1",
					"$(inherited)",
				);
				INFOPLIST_FILE = Tests/Info.plist;
				LD_RUNPATH_SEARCH_PATHS = (
					"$(inherited)",
					"@executable_path/Frameworks",
					"@loader_path/Frameworks",
				);
				PRODUCT_BUNDLE_IDENTIFIER = "com.anton-plebanovich.$(PRODUCT_NAME:rfc1034identifier)${DEVELOPMENT_TEAM}";
				PRODUCT_NAME = "$(TARGET_NAME)";
				TEST_HOST = "$(BUILT_PRODUCTS_DIR)/ObjectMapperAdditions_Example.app/ObjectMapperAdditions_Example";
			};
			name = Debug;
		};
		607FACF41AFB9204008FA782 /* Release */ = {
			isa = XCBuildConfiguration;
			baseConfigurationReference = 7780827ABC350B91C5BFF6F0 /* Pods-ObjectMapperAdditions_Tests.release.xcconfig */;
			buildSettings = {
				BUNDLE_LOADER = "$(TEST_HOST)";
				FRAMEWORK_SEARCH_PATHS = "$(inherited)";
				INFOPLIST_FILE = Tests/Info.plist;
				LD_RUNPATH_SEARCH_PATHS = (
					"$(inherited)",
					"@executable_path/Frameworks",
					"@loader_path/Frameworks",
				);
				PRODUCT_BUNDLE_IDENTIFIER = "com.anton-plebanovich.$(PRODUCT_NAME:rfc1034identifier)${DEVELOPMENT_TEAM}";
				PRODUCT_NAME = "$(TARGET_NAME)";
				TEST_HOST = "$(BUILT_PRODUCTS_DIR)/ObjectMapperAdditions_Example.app/ObjectMapperAdditions_Example";
			};
			name = Release;
		};
/* End XCBuildConfiguration section */

/* Begin XCConfigurationList section */
		607FACCB1AFB9204008FA782 /* Build configuration list for PBXProject "ObjectMapperAdditions" */ = {
			isa = XCConfigurationList;
			buildConfigurations = (
				607FACED1AFB9204008FA782 /* Debug */,
				607FACEE1AFB9204008FA782 /* Release */,
			);
			defaultConfigurationIsVisible = 0;
			defaultConfigurationName = Release;
		};
		607FACEF1AFB9204008FA782 /* Build configuration list for PBXNativeTarget "ObjectMapperAdditions_Example" */ = {
			isa = XCConfigurationList;
			buildConfigurations = (
				607FACF01AFB9204008FA782 /* Debug */,
				607FACF11AFB9204008FA782 /* Release */,
			);
			defaultConfigurationIsVisible = 0;
			defaultConfigurationName = Release;
		};
		607FACF21AFB9204008FA782 /* Build configuration list for PBXNativeTarget "ObjectMapperAdditions_Tests" */ = {
			isa = XCConfigurationList;
			buildConfigurations = (
				607FACF31AFB9204008FA782 /* Debug */,
				607FACF41AFB9204008FA782 /* Release */,
			);
			defaultConfigurationIsVisible = 0;
			defaultConfigurationName = Release;
		};
/* End XCConfigurationList section */
	};
	rootObject = 607FACC81AFB9204008FA782 /* Project object */;
}
